// !$*UTF8*$!
{
	archiveVersion = 1;
	classes = {
	};
	objectVersion = 50;
	objects = {

/* Begin PBXBuildFile section */
		724BFA1723E2EFCA00C0D300 /* libMagicMotion.dylib in CopyFiles */ = {isa = PBXBuildFile; fileRef = 726890C323E1A7CA00555BAD /* libMagicMotion.dylib */; };
		7268912023E1A89600555BAD /* OniPlatformLinux-Arm.h in Headers */ = {isa = PBXBuildFile; fileRef = 726890E223E1A89600555BAD /* OniPlatformLinux-Arm.h */; };
		7268912123E1A89600555BAD /* OniPlatformAndroid-Arm.h in Headers */ = {isa = PBXBuildFile; fileRef = 726890E423E1A89600555BAD /* OniPlatformAndroid-Arm.h */; };
		7268912223E1A89600555BAD /* OniEnums.h in Headers */ = {isa = PBXBuildFile; fileRef = 726890E523E1A89600555BAD /* OniEnums.h */; };
		7268912323E1A89600555BAD /* PrimeSense.h in Headers */ = {isa = PBXBuildFile; fileRef = 726890E623E1A89600555BAD /* PrimeSense.h */; };
		7268912423E1A89600555BAD /* OniDriverAPI.h in Headers */ = {isa = PBXBuildFile; fileRef = 726890E823E1A89600555BAD /* OniDriverAPI.h */; };
		7268912523E1A89600555BAD /* OniDriverTypes.h in Headers */ = {isa = PBXBuildFile; fileRef = 726890E923E1A89600555BAD /* OniDriverTypes.h */; };
		7268912623E1A89600555BAD /* OpenNI.h in Headers */ = {isa = PBXBuildFile; fileRef = 726890EA23E1A89600555BAD /* OpenNI.h */; };
		7268912723E1A89600555BAD /* OniPlatformLinux-x86.h in Headers */ = {isa = PBXBuildFile; fileRef = 726890EC23E1A89600555BAD /* OniPlatformLinux-x86.h */; };
		7268912823E1A89600555BAD /* OniProperties.h in Headers */ = {isa = PBXBuildFile; fileRef = 726890ED23E1A89600555BAD /* OniProperties.h */; };
		7268912923E1A89600555BAD /* OniCTypes.h in Headers */ = {isa = PBXBuildFile; fileRef = 726890EE23E1A89600555BAD /* OniCTypes.h */; };
		7268912A23E1A89600555BAD /* OniPlatform.h in Headers */ = {isa = PBXBuildFile; fileRef = 726890EF23E1A89600555BAD /* OniPlatform.h */; };
		7268912B23E1A89600555BAD /* OniCProperties.h in Headers */ = {isa = PBXBuildFile; fileRef = 726890F023E1A89600555BAD /* OniCProperties.h */; };
		7268912C23E1A89600555BAD /* OniPlatformMacOSX.h in Headers */ = {isa = PBXBuildFile; fileRef = 726890F223E1A89600555BAD /* OniPlatformMacOSX.h */; };
		7268912D23E1A89600555BAD /* PS1080.h in Headers */ = {isa = PBXBuildFile; fileRef = 726890F323E1A89600555BAD /* PS1080.h */; };
		7268912E23E1A89600555BAD /* PSLink.h in Headers */ = {isa = PBXBuildFile; fileRef = 726890F423E1A89600555BAD /* PSLink.h */; };
		7268912F23E1A89600555BAD /* OniCAPI.h in Headers */ = {isa = PBXBuildFile; fileRef = 726890F523E1A89600555BAD /* OniCAPI.h */; };
		7268913023E1A89600555BAD /* OniCEnums.h in Headers */ = {isa = PBXBuildFile; fileRef = 726890F623E1A89600555BAD /* OniCEnums.h */; };
		7268913123E1A89600555BAD /* OniPlatformWin32.h in Headers */ = {isa = PBXBuildFile; fileRef = 726890F823E1A89600555BAD /* OniPlatformWin32.h */; };
		7268913223E1A89600555BAD /* OniVersion.h in Headers */ = {isa = PBXBuildFile; fileRef = 726890F923E1A89600555BAD /* OniVersion.h */; };
		7268913B23E1A89600555BAD /* utils.h in Headers */ = {isa = PBXBuildFile; fileRef = 7268910823E1A89600555BAD /* utils.h */; };
		7268913C23E1A89600555BAD /* magic_motion.cpp in Sources */ = {isa = PBXBuildFile; fileRef = 7268910923E1A89600555BAD /* magic_motion.cpp */; };
		7268913D23E1A89600555BAD /* sensor_interface.h in Headers */ = {isa = PBXBuildFile; fileRef = 7268910A23E1A89600555BAD /* sensor_interface.h */; };
		7268913E23E1A89600555BAD /* octree.h in Headers */ = {isa = PBXBuildFile; fileRef = 7268910B23E1A89600555BAD /* octree.h */; };
		7268914023E1A89600555BAD /* frustum.h in Headers */ = {isa = PBXBuildFile; fileRef = 7268910D23E1A89600555BAD /* frustum.h */; };
		7268914123E1A89600555BAD /* magic_motion.h in Headers */ = {isa = PBXBuildFile; fileRef = 7268910E23E1A89600555BAD /* magic_motion.h */; };
		7268914223E1A89600555BAD /* magic_math.h in Headers */ = {isa = PBXBuildFile; fileRef = 7268910F23E1A89600555BAD /* magic_math.h */; };
		7268914523E1A89600555BAD /* sensor_serialization.h in Headers */ = {isa = PBXBuildFile; fileRef = 7268911223E1A89600555BAD /* sensor_serialization.h */; };
		72BE2756246D27ED00467195 /* libopencv_line_descriptor.4.2.0.dylib in Frameworks */ = {isa = PBXBuildFile; fileRef = 72BE2726246D27EC00467195 /* libopencv_line_descriptor.4.2.0.dylib */; };
		72BE2757246D27ED00467195 /* libopencv_line_descriptor.4.2.0.dylib in Embed Libraries */ = {isa = PBXBuildFile; fileRef = 72BE2726246D27EC00467195 /* libopencv_line_descriptor.4.2.0.dylib */; settings = {ATTRIBUTES = (CodeSignOnCopy, ); }; };
		72BE2758246D27ED00467195 /* libopencv_sfm.4.2.0.dylib in Frameworks */ = {isa = PBXBuildFile; fileRef = 72BE2727246D27EC00467195 /* libopencv_sfm.4.2.0.dylib */; };
		72BE2759246D27ED00467195 /* libopencv_sfm.4.2.0.dylib in Embed Libraries */ = {isa = PBXBuildFile; fileRef = 72BE2727246D27EC00467195 /* libopencv_sfm.4.2.0.dylib */; settings = {ATTRIBUTES = (CodeSignOnCopy, ); }; };
		72BE275A246D27ED00467195 /* libopencv_xfeatures2d.4.2.0.dylib in Frameworks */ = {isa = PBXBuildFile; fileRef = 72BE2728246D27EC00467195 /* libopencv_xfeatures2d.4.2.0.dylib */; };
		72BE275B246D27ED00467195 /* libopencv_xfeatures2d.4.2.0.dylib in Embed Libraries */ = {isa = PBXBuildFile; fileRef = 72BE2728246D27EC00467195 /* libopencv_xfeatures2d.4.2.0.dylib */; settings = {ATTRIBUTES = (CodeSignOnCopy, ); }; };
		72BE275C246D27ED00467195 /* libopencv_calib3d.4.2.0.dylib in Frameworks */ = {isa = PBXBuildFile; fileRef = 72BE2729246D27EC00467195 /* libopencv_calib3d.4.2.0.dylib */; };
		72BE275D246D27ED00467195 /* libopencv_calib3d.4.2.0.dylib in Embed Libraries */ = {isa = PBXBuildFile; fileRef = 72BE2729246D27EC00467195 /* libopencv_calib3d.4.2.0.dylib */; settings = {ATTRIBUTES = (CodeSignOnCopy, ); }; };
		72BE275E246D27ED00467195 /* libopencv_text.4.2.0.dylib in Frameworks */ = {isa = PBXBuildFile; fileRef = 72BE272A246D27EC00467195 /* libopencv_text.4.2.0.dylib */; };
		72BE275F246D27ED00467195 /* libopencv_text.4.2.0.dylib in Embed Libraries */ = {isa = PBXBuildFile; fileRef = 72BE272A246D27EC00467195 /* libopencv_text.4.2.0.dylib */; settings = {ATTRIBUTES = (CodeSignOnCopy, ); }; };
		72BE2760246D27ED00467195 /* libopencv_aruco.4.2.0.dylib in Frameworks */ = {isa = PBXBuildFile; fileRef = 72BE272B246D27EC00467195 /* libopencv_aruco.4.2.0.dylib */; };
		72BE2761246D27ED00467195 /* libopencv_aruco.4.2.0.dylib in Embed Libraries */ = {isa = PBXBuildFile; fileRef = 72BE272B246D27EC00467195 /* libopencv_aruco.4.2.0.dylib */; settings = {ATTRIBUTES = (CodeSignOnCopy, ); }; };
		72BE2762246D27ED00467195 /* libopencv_imgcodecs.4.2.0.dylib in Frameworks */ = {isa = PBXBuildFile; fileRef = 72BE272C246D27EC00467195 /* libopencv_imgcodecs.4.2.0.dylib */; };
		72BE2763246D27ED00467195 /* libopencv_imgcodecs.4.2.0.dylib in Embed Libraries */ = {isa = PBXBuildFile; fileRef = 72BE272C246D27EC00467195 /* libopencv_imgcodecs.4.2.0.dylib */; settings = {ATTRIBUTES = (CodeSignOnCopy, ); }; };
		72BE2764246D27ED00467195 /* libopencv_dnn.4.2.0.dylib in Frameworks */ = {isa = PBXBuildFile; fileRef = 72BE272D246D27EC00467195 /* libopencv_dnn.4.2.0.dylib */; };
		72BE2765246D27ED00467195 /* libopencv_dnn.4.2.0.dylib in Embed Libraries */ = {isa = PBXBuildFile; fileRef = 72BE272D246D27EC00467195 /* libopencv_dnn.4.2.0.dylib */; settings = {ATTRIBUTES = (CodeSignOnCopy, ); }; };
		72BE2766246D27ED00467195 /* libopencv_dnn_objdetect.4.2.0.dylib in Frameworks */ = {isa = PBXBuildFile; fileRef = 72BE272E246D27EC00467195 /* libopencv_dnn_objdetect.4.2.0.dylib */; };
		72BE2767246D27ED00467195 /* libopencv_dnn_objdetect.4.2.0.dylib in Embed Libraries */ = {isa = PBXBuildFile; fileRef = 72BE272E246D27EC00467195 /* libopencv_dnn_objdetect.4.2.0.dylib */; settings = {ATTRIBUTES = (CodeSignOnCopy, ); }; };
		72BE2768246D27ED00467195 /* libopencv_ccalib.4.2.0.dylib in Frameworks */ = {isa = PBXBuildFile; fileRef = 72BE272F246D27EC00467195 /* libopencv_ccalib.4.2.0.dylib */; };
		72BE2769246D27ED00467195 /* libopencv_ccalib.4.2.0.dylib in Embed Libraries */ = {isa = PBXBuildFile; fileRef = 72BE272F246D27EC00467195 /* libopencv_ccalib.4.2.0.dylib */; settings = {ATTRIBUTES = (CodeSignOnCopy, ); }; };
		72BE276A246D27ED00467195 /* libopencv_shape.4.2.0.dylib in Frameworks */ = {isa = PBXBuildFile; fileRef = 72BE2730246D27EC00467195 /* libopencv_shape.4.2.0.dylib */; };
		72BE276B246D27ED00467195 /* libopencv_shape.4.2.0.dylib in Embed Libraries */ = {isa = PBXBuildFile; fileRef = 72BE2730246D27EC00467195 /* libopencv_shape.4.2.0.dylib */; settings = {ATTRIBUTES = (CodeSignOnCopy, ); }; };
		72BE276C246D27ED00467195 /* libopencv_objdetect.4.2.0.dylib in Frameworks */ = {isa = PBXBuildFile; fileRef = 72BE2731246D27EC00467195 /* libopencv_objdetect.4.2.0.dylib */; };
		72BE276D246D27ED00467195 /* libopencv_objdetect.4.2.0.dylib in Embed Libraries */ = {isa = PBXBuildFile; fileRef = 72BE2731246D27EC00467195 /* libopencv_objdetect.4.2.0.dylib */; settings = {ATTRIBUTES = (CodeSignOnCopy, ); }; };
		72BE276E246D27ED00467195 /* libopencv_stitching.4.2.0.dylib in Frameworks */ = {isa = PBXBuildFile; fileRef = 72BE2732246D27EC00467195 /* libopencv_stitching.4.2.0.dylib */; };
		72BE276F246D27ED00467195 /* libopencv_stitching.4.2.0.dylib in Embed Libraries */ = {isa = PBXBuildFile; fileRef = 72BE2732246D27EC00467195 /* libopencv_stitching.4.2.0.dylib */; settings = {ATTRIBUTES = (CodeSignOnCopy, ); }; };
		72BE2770246D27ED00467195 /* libopencv_flann.4.2.0.dylib in Frameworks */ = {isa = PBXBuildFile; fileRef = 72BE2733246D27EC00467195 /* libopencv_flann.4.2.0.dylib */; };
		72BE2771246D27ED00467195 /* libopencv_flann.4.2.0.dylib in Embed Libraries */ = {isa = PBXBuildFile; fileRef = 72BE2733246D27EC00467195 /* libopencv_flann.4.2.0.dylib */; settings = {ATTRIBUTES = (CodeSignOnCopy, ); }; };
		72BE2772246D27ED00467195 /* libopencv_imgproc.4.2.0.dylib in Frameworks */ = {isa = PBXBuildFile; fileRef = 72BE2734246D27EC00467195 /* libopencv_imgproc.4.2.0.dylib */; };
		72BE2773246D27ED00467195 /* libopencv_imgproc.4.2.0.dylib in Embed Libraries */ = {isa = PBXBuildFile; fileRef = 72BE2734246D27EC00467195 /* libopencv_imgproc.4.2.0.dylib */; settings = {ATTRIBUTES = (CodeSignOnCopy, ); }; };
		72BE2774246D27ED00467195 /* libopencv_rgbd.4.2.0.dylib in Frameworks */ = {isa = PBXBuildFile; fileRef = 72BE2735246D27EC00467195 /* libopencv_rgbd.4.2.0.dylib */; };
		72BE2775246D27ED00467195 /* libopencv_rgbd.4.2.0.dylib in Embed Libraries */ = {isa = PBXBuildFile; fileRef = 72BE2735246D27EC00467195 /* libopencv_rgbd.4.2.0.dylib */; settings = {ATTRIBUTES = (CodeSignOnCopy, ); }; };
		72BE2776246D27ED00467195 /* libopencv_video.4.2.0.dylib in Frameworks */ = {isa = PBXBuildFile; fileRef = 72BE2736246D27EC00467195 /* libopencv_video.4.2.0.dylib */; };
		72BE2777246D27ED00467195 /* libopencv_video.4.2.0.dylib in Embed Libraries */ = {isa = PBXBuildFile; fileRef = 72BE2736246D27EC00467195 /* libopencv_video.4.2.0.dylib */; settings = {ATTRIBUTES = (CodeSignOnCopy, ); }; };
		72BE2778246D27ED00467195 /* libopencv_videostab.4.2.0.dylib in Frameworks */ = {isa = PBXBuildFile; fileRef = 72BE2737246D27EC00467195 /* libopencv_videostab.4.2.0.dylib */; };
		72BE2779246D27ED00467195 /* libopencv_videostab.4.2.0.dylib in Embed Libraries */ = {isa = PBXBuildFile; fileRef = 72BE2737246D27EC00467195 /* libopencv_videostab.4.2.0.dylib */; settings = {ATTRIBUTES = (CodeSignOnCopy, ); }; };
		72BE277A246D27ED00467195 /* libopencv_datasets.4.2.0.dylib in Frameworks */ = {isa = PBXBuildFile; fileRef = 72BE2738246D27EC00467195 /* libopencv_datasets.4.2.0.dylib */; };
		72BE277B246D27ED00467195 /* libopencv_datasets.4.2.0.dylib in Embed Libraries */ = {isa = PBXBuildFile; fileRef = 72BE2738246D27EC00467195 /* libopencv_datasets.4.2.0.dylib */; settings = {ATTRIBUTES = (CodeSignOnCopy, ); }; };
		72BE277C246D27ED00467195 /* libopencv_ximgproc.4.2.0.dylib in Frameworks */ = {isa = PBXBuildFile; fileRef = 72BE2739246D27EC00467195 /* libopencv_ximgproc.4.2.0.dylib */; };
		72BE277D246D27ED00467195 /* libopencv_ximgproc.4.2.0.dylib in Embed Libraries */ = {isa = PBXBuildFile; fileRef = 72BE2739246D27EC00467195 /* libopencv_ximgproc.4.2.0.dylib */; settings = {ATTRIBUTES = (CodeSignOnCopy, ); }; };
		72BE277E246D27ED00467195 /* libopencv_xobjdetect.4.2.0.dylib in Frameworks */ = {isa = PBXBuildFile; fileRef = 72BE273A246D27EC00467195 /* libopencv_xobjdetect.4.2.0.dylib */; };
		72BE277F246D27ED00467195 /* libopencv_xobjdetect.4.2.0.dylib in Embed Libraries */ = {isa = PBXBuildFile; fileRef = 72BE273A246D27EC00467195 /* libopencv_xobjdetect.4.2.0.dylib */; settings = {ATTRIBUTES = (CodeSignOnCopy, ); }; };
		72BE2780246D27ED00467195 /* libopencv_videoio.4.2.0.dylib in Frameworks */ = {isa = PBXBuildFile; fileRef = 72BE273B246D27EC00467195 /* libopencv_videoio.4.2.0.dylib */; };
		72BE2781246D27ED00467195 /* libopencv_videoio.4.2.0.dylib in Embed Libraries */ = {isa = PBXBuildFile; fileRef = 72BE273B246D27EC00467195 /* libopencv_videoio.4.2.0.dylib */; settings = {ATTRIBUTES = (CodeSignOnCopy, ); }; };
		72BE2782246D27ED00467195 /* libopencv_surface_matching.4.2.0.dylib in Frameworks */ = {isa = PBXBuildFile; fileRef = 72BE273C246D27EC00467195 /* libopencv_surface_matching.4.2.0.dylib */; };
		72BE2783246D27ED00467195 /* libopencv_surface_matching.4.2.0.dylib in Embed Libraries */ = {isa = PBXBuildFile; fileRef = 72BE273C246D27EC00467195 /* libopencv_surface_matching.4.2.0.dylib */; settings = {ATTRIBUTES = (CodeSignOnCopy, ); }; };
		72BE2784246D27ED00467195 /* libopencv_xphoto.4.2.0.dylib in Frameworks */ = {isa = PBXBuildFile; fileRef = 72BE273D246D27EC00467195 /* libopencv_xphoto.4.2.0.dylib */; };
		72BE2785246D27ED00467195 /* libopencv_xphoto.4.2.0.dylib in Embed Libraries */ = {isa = PBXBuildFile; fileRef = 72BE273D246D27EC00467195 /* libopencv_xphoto.4.2.0.dylib */; settings = {ATTRIBUTES = (CodeSignOnCopy, ); }; };
		72BE2786246D27ED00467195 /* libopencv_bgsegm.4.2.0.dylib in Frameworks */ = {isa = PBXBuildFile; fileRef = 72BE273E246D27EC00467195 /* libopencv_bgsegm.4.2.0.dylib */; };
		72BE2787246D27ED00467195 /* libopencv_bgsegm.4.2.0.dylib in Embed Libraries */ = {isa = PBXBuildFile; fileRef = 72BE273E246D27EC00467195 /* libopencv_bgsegm.4.2.0.dylib */; settings = {ATTRIBUTES = (CodeSignOnCopy, ); }; };
		72BE2788246D27ED00467195 /* libopencv_dpm.4.2.0.dylib in Frameworks */ = {isa = PBXBuildFile; fileRef = 72BE273F246D27EC00467195 /* libopencv_dpm.4.2.0.dylib */; };
		72BE2789246D27ED00467195 /* libopencv_dpm.4.2.0.dylib in Embed Libraries */ = {isa = PBXBuildFile; fileRef = 72BE273F246D27EC00467195 /* libopencv_dpm.4.2.0.dylib */; settings = {ATTRIBUTES = (CodeSignOnCopy, ); }; };
		72BE278A246D27ED00467195 /* libopencv_freetype.4.2.0.dylib in Frameworks */ = {isa = PBXBuildFile; fileRef = 72BE2740246D27EC00467195 /* libopencv_freetype.4.2.0.dylib */; };
		72BE278B246D27ED00467195 /* libopencv_freetype.4.2.0.dylib in Embed Libraries */ = {isa = PBXBuildFile; fileRef = 72BE2740246D27EC00467195 /* libopencv_freetype.4.2.0.dylib */; settings = {ATTRIBUTES = (CodeSignOnCopy, ); }; };
		72BE278C246D27ED00467195 /* libopencv_core.4.2.0.dylib in Frameworks */ = {isa = PBXBuildFile; fileRef = 72BE2741246D27EC00467195 /* libopencv_core.4.2.0.dylib */; };
		72BE278D246D27ED00467195 /* libopencv_core.4.2.0.dylib in Embed Libraries */ = {isa = PBXBuildFile; fileRef = 72BE2741246D27EC00467195 /* libopencv_core.4.2.0.dylib */; settings = {ATTRIBUTES = (CodeSignOnCopy, ); }; };
		72BE278E246D27ED00467195 /* libopencv_hfs.4.2.0.dylib in Frameworks */ = {isa = PBXBuildFile; fileRef = 72BE2742246D27EC00467195 /* libopencv_hfs.4.2.0.dylib */; };
		72BE278F246D27ED00467195 /* libopencv_hfs.4.2.0.dylib in Embed Libraries */ = {isa = PBXBuildFile; fileRef = 72BE2742246D27EC00467195 /* libopencv_hfs.4.2.0.dylib */; settings = {ATTRIBUTES = (CodeSignOnCopy, ); }; };
		72BE2790246D27ED00467195 /* libopencv_highgui.4.2.0.dylib in Frameworks */ = {isa = PBXBuildFile; fileRef = 72BE2743246D27EC00467195 /* libopencv_highgui.4.2.0.dylib */; };
		72BE2791246D27ED00467195 /* libopencv_highgui.4.2.0.dylib in Embed Libraries */ = {isa = PBXBuildFile; fileRef = 72BE2743246D27EC00467195 /* libopencv_highgui.4.2.0.dylib */; settings = {ATTRIBUTES = (CodeSignOnCopy, ); }; };
		72BE2792246D27EE00467195 /* libopencv_gapi.4.2.0.dylib in Frameworks */ = {isa = PBXBuildFile; fileRef = 72BE2744246D27EC00467195 /* libopencv_gapi.4.2.0.dylib */; };
		72BE2793246D27EE00467195 /* libopencv_gapi.4.2.0.dylib in Embed Libraries */ = {isa = PBXBuildFile; fileRef = 72BE2744246D27EC00467195 /* libopencv_gapi.4.2.0.dylib */; settings = {ATTRIBUTES = (CodeSignOnCopy, ); }; };
		72BE2794246D27EE00467195 /* libopencv_ml.4.2.0.dylib in Frameworks */ = {isa = PBXBuildFile; fileRef = 72BE2745246D27EC00467195 /* libopencv_ml.4.2.0.dylib */; };
		72BE2795246D27EE00467195 /* libopencv_ml.4.2.0.dylib in Embed Libraries */ = {isa = PBXBuildFile; fileRef = 72BE2745246D27EC00467195 /* libopencv_ml.4.2.0.dylib */; settings = {ATTRIBUTES = (CodeSignOnCopy, ); }; };
		72BE2796246D27EE00467195 /* libopencv_stereo.4.2.0.dylib in Frameworks */ = {isa = PBXBuildFile; fileRef = 72BE2746246D27EC00467195 /* libopencv_stereo.4.2.0.dylib */; };
		72BE2797246D27EE00467195 /* libopencv_stereo.4.2.0.dylib in Embed Libraries */ = {isa = PBXBuildFile; fileRef = 72BE2746246D27EC00467195 /* libopencv_stereo.4.2.0.dylib */; settings = {ATTRIBUTES = (CodeSignOnCopy, ); }; };
		72BE2798246D27EE00467195 /* libopencv_bioinspired.4.2.0.dylib in Frameworks */ = {isa = PBXBuildFile; fileRef = 72BE2747246D27EC00467195 /* libopencv_bioinspired.4.2.0.dylib */; };
		72BE2799246D27EE00467195 /* libopencv_bioinspired.4.2.0.dylib in Embed Libraries */ = {isa = PBXBuildFile; fileRef = 72BE2747246D27EC00467195 /* libopencv_bioinspired.4.2.0.dylib */; settings = {ATTRIBUTES = (CodeSignOnCopy, ); }; };
		72BE279A246D27EE00467195 /* libopencv_phase_unwrapping.4.2.0.dylib in Frameworks */ = {isa = PBXBuildFile; fileRef = 72BE2748246D27EC00467195 /* libopencv_phase_unwrapping.4.2.0.dylib */; };
		72BE279B246D27EE00467195 /* libopencv_phase_unwrapping.4.2.0.dylib in Embed Libraries */ = {isa = PBXBuildFile; fileRef = 72BE2748246D27EC00467195 /* libopencv_phase_unwrapping.4.2.0.dylib */; settings = {ATTRIBUTES = (CodeSignOnCopy, ); }; };
		72BE279C246D27EE00467195 /* libopencv_face.4.2.0.dylib in Frameworks */ = {isa = PBXBuildFile; fileRef = 72BE2749246D27EC00467195 /* libopencv_face.4.2.0.dylib */; };
		72BE279D246D27EE00467195 /* libopencv_face.4.2.0.dylib in Embed Libraries */ = {isa = PBXBuildFile; fileRef = 72BE2749246D27EC00467195 /* libopencv_face.4.2.0.dylib */; settings = {ATTRIBUTES = (CodeSignOnCopy, ); }; };
		72BE279E246D27EE00467195 /* libopencv_tracking.4.2.0.dylib in Frameworks */ = {isa = PBXBuildFile; fileRef = 72BE274A246D27EC00467195 /* libopencv_tracking.4.2.0.dylib */; };
		72BE279F246D27EE00467195 /* libopencv_tracking.4.2.0.dylib in Embed Libraries */ = {isa = PBXBuildFile; fileRef = 72BE274A246D27EC00467195 /* libopencv_tracking.4.2.0.dylib */; settings = {ATTRIBUTES = (CodeSignOnCopy, ); }; };
		72BE27A0246D27EE00467195 /* libopencv_quality.4.2.0.dylib in Frameworks */ = {isa = PBXBuildFile; fileRef = 72BE274B246D27ED00467195 /* libopencv_quality.4.2.0.dylib */; };
		72BE27A1246D27EE00467195 /* libopencv_quality.4.2.0.dylib in Embed Libraries */ = {isa = PBXBuildFile; fileRef = 72BE274B246D27ED00467195 /* libopencv_quality.4.2.0.dylib */; settings = {ATTRIBUTES = (CodeSignOnCopy, ); }; };
		72BE27A2246D27EE00467195 /* libopencv_reg.4.2.0.dylib in Frameworks */ = {isa = PBXBuildFile; fileRef = 72BE274C246D27ED00467195 /* libopencv_reg.4.2.0.dylib */; };
		72BE27A3246D27EE00467195 /* libopencv_reg.4.2.0.dylib in Embed Libraries */ = {isa = PBXBuildFile; fileRef = 72BE274C246D27ED00467195 /* libopencv_reg.4.2.0.dylib */; settings = {ATTRIBUTES = (CodeSignOnCopy, ); }; };
		72BE27A4246D27EE00467195 /* libopencv_saliency.4.2.0.dylib in Frameworks */ = {isa = PBXBuildFile; fileRef = 72BE274D246D27ED00467195 /* libopencv_saliency.4.2.0.dylib */; };
		72BE27A5246D27EE00467195 /* libopencv_saliency.4.2.0.dylib in Embed Libraries */ = {isa = PBXBuildFile; fileRef = 72BE274D246D27ED00467195 /* libopencv_saliency.4.2.0.dylib */; settings = {ATTRIBUTES = (CodeSignOnCopy, ); }; };
		72BE27A6246D27EE00467195 /* libopencv_superres.4.2.0.dylib in Frameworks */ = {isa = PBXBuildFile; fileRef = 72BE274E246D27ED00467195 /* libopencv_superres.4.2.0.dylib */; };
		72BE27A7246D27EE00467195 /* libopencv_superres.4.2.0.dylib in Embed Libraries */ = {isa = PBXBuildFile; fileRef = 72BE274E246D27ED00467195 /* libopencv_superres.4.2.0.dylib */; settings = {ATTRIBUTES = (CodeSignOnCopy, ); }; };
		72BE27A8246D27EE00467195 /* libopencv_structured_light.4.2.0.dylib in Frameworks */ = {isa = PBXBuildFile; fileRef = 72BE274F246D27ED00467195 /* libopencv_structured_light.4.2.0.dylib */; };
		72BE27A9246D27EE00467195 /* libopencv_structured_light.4.2.0.dylib in Embed Libraries */ = {isa = PBXBuildFile; fileRef = 72BE274F246D27ED00467195 /* libopencv_structured_light.4.2.0.dylib */; settings = {ATTRIBUTES = (CodeSignOnCopy, ); }; };
		72BE27AA246D27EE00467195 /* libopencv_img_hash.4.2.0.dylib in Frameworks */ = {isa = PBXBuildFile; fileRef = 72BE2750246D27ED00467195 /* libopencv_img_hash.4.2.0.dylib */; };
		72BE27AB246D27EE00467195 /* libopencv_img_hash.4.2.0.dylib in Embed Libraries */ = {isa = PBXBuildFile; fileRef = 72BE2750246D27ED00467195 /* libopencv_img_hash.4.2.0.dylib */; settings = {ATTRIBUTES = (CodeSignOnCopy, ); }; };
		72BE27AC246D27EE00467195 /* libopencv_dnn_superres.4.2.0.dylib in Frameworks */ = {isa = PBXBuildFile; fileRef = 72BE2751246D27ED00467195 /* libopencv_dnn_superres.4.2.0.dylib */; };
		72BE27AD246D27EE00467195 /* libopencv_dnn_superres.4.2.0.dylib in Embed Libraries */ = {isa = PBXBuildFile; fileRef = 72BE2751246D27ED00467195 /* libopencv_dnn_superres.4.2.0.dylib */; settings = {ATTRIBUTES = (CodeSignOnCopy, ); }; };
		72BE27AE246D27EE00467195 /* libopencv_plot.4.2.0.dylib in Frameworks */ = {isa = PBXBuildFile; fileRef = 72BE2752246D27ED00467195 /* libopencv_plot.4.2.0.dylib */; };
		72BE27AF246D27EE00467195 /* libopencv_plot.4.2.0.dylib in Embed Libraries */ = {isa = PBXBuildFile; fileRef = 72BE2752246D27ED00467195 /* libopencv_plot.4.2.0.dylib */; settings = {ATTRIBUTES = (CodeSignOnCopy, ); }; };
		72BE27B0246D27EE00467195 /* libopencv_photo.4.2.0.dylib in Frameworks */ = {isa = PBXBuildFile; fileRef = 72BE2753246D27ED00467195 /* libopencv_photo.4.2.0.dylib */; };
		72BE27B1246D27EE00467195 /* libopencv_photo.4.2.0.dylib in Embed Libraries */ = {isa = PBXBuildFile; fileRef = 72BE2753246D27ED00467195 /* libopencv_photo.4.2.0.dylib */; settings = {ATTRIBUTES = (CodeSignOnCopy, ); }; };
		72BE27B2246D27EE00467195 /* libopencv_features2d.4.2.0.dylib in Frameworks */ = {isa = PBXBuildFile; fileRef = 72BE2754246D27ED00467195 /* libopencv_features2d.4.2.0.dylib */; };
		72BE27B3246D27EE00467195 /* libopencv_features2d.4.2.0.dylib in Embed Libraries */ = {isa = PBXBuildFile; fileRef = 72BE2754246D27ED00467195 /* libopencv_features2d.4.2.0.dylib */; settings = {ATTRIBUTES = (CodeSignOnCopy, ); }; };
		72BE27B4246D27EE00467195 /* libopencv_optflow.4.2.0.dylib in Frameworks */ = {isa = PBXBuildFile; fileRef = 72BE2755246D27ED00467195 /* libopencv_optflow.4.2.0.dylib */; };
		72BE27B5246D27EE00467195 /* libopencv_optflow.4.2.0.dylib in Embed Libraries */ = {isa = PBXBuildFile; fileRef = 72BE2755246D27ED00467195 /* libopencv_optflow.4.2.0.dylib */; settings = {ATTRIBUTES = (CodeSignOnCopy, ); }; };
		72E094AE23FC20C9002F0293 /* libOpenNI2.dylib in Frameworks */ = {isa = PBXBuildFile; fileRef = 726890CE23E1A89600555BAD /* libOpenNI2.dylib */; };
/* End PBXBuildFile section */

/* Begin PBXCopyFilesBuildPhase section */
		724BFA1623E2EFAD00C0D300 /* CopyFiles */ = {
			isa = PBXCopyFilesBuildPhase;
			buildActionMask = 2147483647;
			dstPath = /usr/local/lib;
			dstSubfolderSpec = 0;
			files = (
				724BFA1723E2EFCA00C0D300 /* libMagicMotion.dylib in CopyFiles */,
			);
			runOnlyForDeploymentPostprocessing = 0;
		};
		72BE27B6246D27EF00467195 /* Embed Libraries */ = {
			isa = PBXCopyFilesBuildPhase;
			buildActionMask = 2147483647;
			dstPath = "";
			dstSubfolderSpec = 10;
			files = (
				72BE275B246D27ED00467195 /* libopencv_xfeatures2d.4.2.0.dylib in Embed Libraries */,
				72BE27A5246D27EE00467195 /* libopencv_saliency.4.2.0.dylib in Embed Libraries */,
				72BE2789246D27ED00467195 /* libopencv_dpm.4.2.0.dylib in Embed Libraries */,
				72BE278D246D27ED00467195 /* libopencv_core.4.2.0.dylib in Embed Libraries */,
				72BE27A1246D27EE00467195 /* libopencv_quality.4.2.0.dylib in Embed Libraries */,
				72BE277B246D27ED00467195 /* libopencv_datasets.4.2.0.dylib in Embed Libraries */,
				72BE27A3246D27EE00467195 /* libopencv_reg.4.2.0.dylib in Embed Libraries */,
				72BE277D246D27ED00467195 /* libopencv_ximgproc.4.2.0.dylib in Embed Libraries */,
				72BE276B246D27ED00467195 /* libopencv_shape.4.2.0.dylib in Embed Libraries */,
				72BE2777246D27ED00467195 /* libopencv_video.4.2.0.dylib in Embed Libraries */,
				72BE27B1246D27EE00467195 /* libopencv_photo.4.2.0.dylib in Embed Libraries */,
				72BE27B5246D27EE00467195 /* libopencv_optflow.4.2.0.dylib in Embed Libraries */,
				72BE2793246D27EE00467195 /* libopencv_gapi.4.2.0.dylib in Embed Libraries */,
				72BE27AF246D27EE00467195 /* libopencv_plot.4.2.0.dylib in Embed Libraries */,
				72BE2781246D27ED00467195 /* libopencv_videoio.4.2.0.dylib in Embed Libraries */,
				72BE2763246D27ED00467195 /* libopencv_imgcodecs.4.2.0.dylib in Embed Libraries */,
				72BE275F246D27ED00467195 /* libopencv_text.4.2.0.dylib in Embed Libraries */,
				72BE2761246D27ED00467195 /* libopencv_aruco.4.2.0.dylib in Embed Libraries */,
				72BE27B3246D27EE00467195 /* libopencv_features2d.4.2.0.dylib in Embed Libraries */,
				72BE279D246D27EE00467195 /* libopencv_face.4.2.0.dylib in Embed Libraries */,
				72BE2785246D27ED00467195 /* libopencv_xphoto.4.2.0.dylib in Embed Libraries */,
				72BE27AD246D27EE00467195 /* libopencv_dnn_superres.4.2.0.dylib in Embed Libraries */,
				72BE2771246D27ED00467195 /* libopencv_flann.4.2.0.dylib in Embed Libraries */,
				72BE2799246D27EE00467195 /* libopencv_bioinspired.4.2.0.dylib in Embed Libraries */,
				72BE2783246D27ED00467195 /* libopencv_surface_matching.4.2.0.dylib in Embed Libraries */,
				72BE27A7246D27EE00467195 /* libopencv_superres.4.2.0.dylib in Embed Libraries */,
				72BE278B246D27ED00467195 /* libopencv_freetype.4.2.0.dylib in Embed Libraries */,
				72BE2791246D27ED00467195 /* libopencv_highgui.4.2.0.dylib in Embed Libraries */,
				72BE2779246D27ED00467195 /* libopencv_videostab.4.2.0.dylib in Embed Libraries */,
				72BE2787246D27ED00467195 /* libopencv_bgsegm.4.2.0.dylib in Embed Libraries */,
				72BE2767246D27ED00467195 /* libopencv_dnn_objdetect.4.2.0.dylib in Embed Libraries */,
				72BE2797246D27EE00467195 /* libopencv_stereo.4.2.0.dylib in Embed Libraries */,
				72BE2795246D27EE00467195 /* libopencv_ml.4.2.0.dylib in Embed Libraries */,
				72BE277F246D27ED00467195 /* libopencv_xobjdetect.4.2.0.dylib in Embed Libraries */,
				72BE27A9246D27EE00467195 /* libopencv_structured_light.4.2.0.dylib in Embed Libraries */,
				72BE2765246D27ED00467195 /* libopencv_dnn.4.2.0.dylib in Embed Libraries */,
				72BE27AB246D27EE00467195 /* libopencv_img_hash.4.2.0.dylib in Embed Libraries */,
				72BE2759246D27ED00467195 /* libopencv_sfm.4.2.0.dylib in Embed Libraries */,
				72BE279F246D27EE00467195 /* libopencv_tracking.4.2.0.dylib in Embed Libraries */,
				72BE2769246D27ED00467195 /* libopencv_ccalib.4.2.0.dylib in Embed Libraries */,
				72BE276F246D27ED00467195 /* libopencv_stitching.4.2.0.dylib in Embed Libraries */,
				72BE2773246D27ED00467195 /* libopencv_imgproc.4.2.0.dylib in Embed Libraries */,
				72BE278F246D27ED00467195 /* libopencv_hfs.4.2.0.dylib in Embed Libraries */,
				72BE279B246D27EE00467195 /* libopencv_phase_unwrapping.4.2.0.dylib in Embed Libraries */,
				72BE2775246D27ED00467195 /* libopencv_rgbd.4.2.0.dylib in Embed Libraries */,
				72BE275D246D27ED00467195 /* libopencv_calib3d.4.2.0.dylib in Embed Libraries */,
				72BE276D246D27ED00467195 /* libopencv_objdetect.4.2.0.dylib in Embed Libraries */,
				72BE2757246D27ED00467195 /* libopencv_line_descriptor.4.2.0.dylib in Embed Libraries */,
			);
			name = "Embed Libraries";
			runOnlyForDeploymentPostprocessing = 0;
		};
/* End PBXCopyFilesBuildPhase section */

/* Begin PBXFileReference section */
		726890C323E1A7CA00555BAD /* libMagicMotion.dylib */ = {isa = PBXFileReference; explicitFileType = "compiled.mach-o.dylib"; includeInIndex = 0; path = libMagicMotion.dylib; sourceTree = BUILT_PRODUCTS_DIR; };
		726890CA23E1A7F600555BAD /* Info.plist */ = {isa = PBXFileReference; lastKnownFileType = text.plist.xml; path = Info.plist; sourceTree = "<group>"; };
		726890CC23E1A89600555BAD /* libOpenNI2.dylib */ = {isa = PBXFileReference; lastKnownFileType = "compiled.mach-o.dylib"; path = libOpenNI2.dylib; sourceTree = "<group>"; };
		726890CE23E1A89600555BAD /* libOpenNI2.dylib */ = {isa = PBXFileReference; lastKnownFileType = "compiled.mach-o.dylib"; path = libOpenNI2.dylib; sourceTree = "<group>"; };
		726890CF23E1A89600555BAD /* OpenNI.ini */ = {isa = PBXFileReference; fileEncoding = 4; lastKnownFileType = text; path = OpenNI.ini; sourceTree = "<group>"; };
		726890D023E1A89600555BAD /* libOpenNI2.jni.dylib */ = {isa = PBXFileReference; lastKnownFileType = "compiled.mach-o.dylib"; path = libOpenNI2.jni.dylib; sourceTree = "<group>"; };
		726890D123E1A89600555BAD /* org.openni.jar */ = {isa = PBXFileReference; lastKnownFileType = archive.jar; path = org.openni.jar; sourceTree = "<group>"; };
		726890D423E1A89600555BAD /* libPSLink.dylib */ = {isa = PBXFileReference; lastKnownFileType = "compiled.mach-o.dylib"; path = libPSLink.dylib; sourceTree = "<group>"; };
		726890D523E1A89600555BAD /* liborbbec.dylib */ = {isa = PBXFileReference; lastKnownFileType = "compiled.mach-o.dylib"; path = liborbbec.dylib; sourceTree = "<group>"; };
		726890D623E1A89600555BAD /* libOniFile.dylib */ = {isa = PBXFileReference; lastKnownFileType = "compiled.mach-o.dylib"; path = libOniFile.dylib; sourceTree = "<group>"; };
		726890D723E1A89600555BAD /* libusb-1.0.0.dylib */ = {isa = PBXFileReference; lastKnownFileType = "compiled.mach-o.dylib"; path = "libusb-1.0.0.dylib"; sourceTree = "<group>"; };
		726890D823E1A89600555BAD /* libfreenect2-openni2.dylib */ = {isa = PBXFileReference; lastKnownFileType = "compiled.mach-o.dylib"; path = "libfreenect2-openni2.dylib"; sourceTree = "<group>"; };
		726890D923E1A89600555BAD /* libFreenectDriver.dylib */ = {isa = PBXFileReference; lastKnownFileType = "compiled.mach-o.dylib"; path = libFreenectDriver.dylib; sourceTree = "<group>"; };
		726890DA23E1A89600555BAD /* PS1080.ini */ = {isa = PBXFileReference; fileEncoding = 4; lastKnownFileType = text; path = PS1080.ini; sourceTree = "<group>"; };
		726890DB23E1A89600555BAD /* PSLink.ini */ = {isa = PBXFileReference; fileEncoding = 4; lastKnownFileType = text; path = PSLink.ini; sourceTree = "<group>"; };
		726890DC23E1A89600555BAD /* orbbec.ini */ = {isa = PBXFileReference; fileEncoding = 4; lastKnownFileType = text; path = orbbec.ini; sourceTree = "<group>"; };
		726890DD23E1A89600555BAD /* libPS1080.dylib */ = {isa = PBXFileReference; lastKnownFileType = "compiled.mach-o.dylib"; path = libPS1080.dylib; sourceTree = "<group>"; };
		726890DE23E1A89600555BAD /* libfreenect2-openni2.0.dylib */ = {isa = PBXFileReference; lastKnownFileType = "compiled.mach-o.dylib"; path = "libfreenect2-openni2.0.dylib"; sourceTree = "<group>"; };
		726890DF23E1A89600555BAD /* Makefile */ = {isa = PBXFileReference; fileEncoding = 4; lastKnownFileType = sourcecode.make; path = Makefile; sourceTree = "<group>"; };
		726890E223E1A89600555BAD /* OniPlatformLinux-Arm.h */ = {isa = PBXFileReference; fileEncoding = 4; lastKnownFileType = sourcecode.c.h; path = "OniPlatformLinux-Arm.h"; sourceTree = "<group>"; };
		726890E423E1A89600555BAD /* OniPlatformAndroid-Arm.h */ = {isa = PBXFileReference; fileEncoding = 4; lastKnownFileType = sourcecode.c.h; path = "OniPlatformAndroid-Arm.h"; sourceTree = "<group>"; };
		726890E523E1A89600555BAD /* OniEnums.h */ = {isa = PBXFileReference; fileEncoding = 4; lastKnownFileType = sourcecode.c.h; path = OniEnums.h; sourceTree = "<group>"; };
		726890E623E1A89600555BAD /* PrimeSense.h */ = {isa = PBXFileReference; fileEncoding = 4; lastKnownFileType = sourcecode.c.h; path = PrimeSense.h; sourceTree = "<group>"; };
		726890E823E1A89600555BAD /* OniDriverAPI.h */ = {isa = PBXFileReference; fileEncoding = 4; lastKnownFileType = sourcecode.c.h; path = OniDriverAPI.h; sourceTree = "<group>"; };
		726890E923E1A89600555BAD /* OniDriverTypes.h */ = {isa = PBXFileReference; fileEncoding = 4; lastKnownFileType = sourcecode.c.h; path = OniDriverTypes.h; sourceTree = "<group>"; };
		726890EA23E1A89600555BAD /* OpenNI.h */ = {isa = PBXFileReference; fileEncoding = 4; lastKnownFileType = sourcecode.c.h; path = OpenNI.h; sourceTree = "<group>"; };
		726890EC23E1A89600555BAD /* OniPlatformLinux-x86.h */ = {isa = PBXFileReference; fileEncoding = 4; lastKnownFileType = sourcecode.c.h; path = "OniPlatformLinux-x86.h"; sourceTree = "<group>"; };
		726890ED23E1A89600555BAD /* OniProperties.h */ = {isa = PBXFileReference; fileEncoding = 4; lastKnownFileType = sourcecode.c.h; path = OniProperties.h; sourceTree = "<group>"; };
		726890EE23E1A89600555BAD /* OniCTypes.h */ = {isa = PBXFileReference; fileEncoding = 4; lastKnownFileType = sourcecode.c.h; path = OniCTypes.h; sourceTree = "<group>"; };
		726890EF23E1A89600555BAD /* OniPlatform.h */ = {isa = PBXFileReference; fileEncoding = 4; lastKnownFileType = sourcecode.c.h; path = OniPlatform.h; sourceTree = "<group>"; };
		726890F023E1A89600555BAD /* OniCProperties.h */ = {isa = PBXFileReference; fileEncoding = 4; lastKnownFileType = sourcecode.c.h; path = OniCProperties.h; sourceTree = "<group>"; };
		726890F223E1A89600555BAD /* OniPlatformMacOSX.h */ = {isa = PBXFileReference; fileEncoding = 4; lastKnownFileType = sourcecode.c.h; path = OniPlatformMacOSX.h; sourceTree = "<group>"; };
		726890F323E1A89600555BAD /* PS1080.h */ = {isa = PBXFileReference; fileEncoding = 4; lastKnownFileType = sourcecode.c.h; path = PS1080.h; sourceTree = "<group>"; };
		726890F423E1A89600555BAD /* PSLink.h */ = {isa = PBXFileReference; fileEncoding = 4; lastKnownFileType = sourcecode.c.h; path = PSLink.h; sourceTree = "<group>"; };
		726890F523E1A89600555BAD /* OniCAPI.h */ = {isa = PBXFileReference; fileEncoding = 4; lastKnownFileType = sourcecode.c.h; path = OniCAPI.h; sourceTree = "<group>"; };
		726890F623E1A89600555BAD /* OniCEnums.h */ = {isa = PBXFileReference; fileEncoding = 4; lastKnownFileType = sourcecode.c.h; path = OniCEnums.h; sourceTree = "<group>"; };
		726890F823E1A89600555BAD /* OniPlatformWin32.h */ = {isa = PBXFileReference; fileEncoding = 4; lastKnownFileType = sourcecode.c.h; path = OniPlatformWin32.h; sourceTree = "<group>"; };
		726890F923E1A89600555BAD /* OniVersion.h */ = {isa = PBXFileReference; fileEncoding = 4; lastKnownFileType = sourcecode.c.h; path = OniVersion.h; sourceTree = "<group>"; };
		726890FC23E1A89600555BAD /* libPSLink.dylib */ = {isa = PBXFileReference; lastKnownFileType = "compiled.mach-o.dylib"; path = libPSLink.dylib; sourceTree = "<group>"; };
		726890FD23E1A89600555BAD /* liborbbec.dylib */ = {isa = PBXFileReference; lastKnownFileType = "compiled.mach-o.dylib"; path = liborbbec.dylib; sourceTree = "<group>"; };
		726890FE23E1A89600555BAD /* libOniFile.dylib */ = {isa = PBXFileReference; lastKnownFileType = "compiled.mach-o.dylib"; path = libOniFile.dylib; sourceTree = "<group>"; };
		726890FF23E1A89600555BAD /* libusb-1.0.0.dylib */ = {isa = PBXFileReference; lastKnownFileType = "compiled.mach-o.dylib"; path = "libusb-1.0.0.dylib"; sourceTree = "<group>"; };
		7268910023E1A89600555BAD /* libfreenect2-openni2.dylib */ = {isa = PBXFileReference; lastKnownFileType = "compiled.mach-o.dylib"; path = "libfreenect2-openni2.dylib"; sourceTree = "<group>"; };
		7268910123E1A89600555BAD /* libFreenectDriver.dylib */ = {isa = PBXFileReference; lastKnownFileType = "compiled.mach-o.dylib"; path = libFreenectDriver.dylib; sourceTree = "<group>"; };
		7268910223E1A89600555BAD /* PS1080.ini */ = {isa = PBXFileReference; fileEncoding = 4; lastKnownFileType = text; path = PS1080.ini; sourceTree = "<group>"; };
		7268910323E1A89600555BAD /* PSLink.ini */ = {isa = PBXFileReference; fileEncoding = 4; lastKnownFileType = text; path = PSLink.ini; sourceTree = "<group>"; };
		7268910423E1A89600555BAD /* orbbec.ini */ = {isa = PBXFileReference; fileEncoding = 4; lastKnownFileType = text; path = orbbec.ini; sourceTree = "<group>"; };
		7268910523E1A89600555BAD /* libPS1080.dylib */ = {isa = PBXFileReference; lastKnownFileType = "compiled.mach-o.dylib"; path = libPS1080.dylib; sourceTree = "<group>"; };
		7268910623E1A89600555BAD /* libfreenect2-openni2.0.dylib */ = {isa = PBXFileReference; lastKnownFileType = "compiled.mach-o.dylib"; path = "libfreenect2-openni2.0.dylib"; sourceTree = "<group>"; };
		7268910823E1A89600555BAD /* utils.h */ = {isa = PBXFileReference; fileEncoding = 4; lastKnownFileType = sourcecode.c.h; path = utils.h; sourceTree = "<group>"; };
		7268910923E1A89600555BAD /* magic_motion.cpp */ = {isa = PBXFileReference; fileEncoding = 4; lastKnownFileType = sourcecode.cpp.cpp; path = magic_motion.cpp; sourceTree = "<group>"; };
		7268910A23E1A89600555BAD /* sensor_interface.h */ = {isa = PBXFileReference; fileEncoding = 4; lastKnownFileType = sourcecode.c.h; path = sensor_interface.h; sourceTree = "<group>"; };
		7268910B23E1A89600555BAD /* octree.h */ = {isa = PBXFileReference; fileEncoding = 4; lastKnownFileType = sourcecode.c.h; path = octree.h; sourceTree = "<group>"; };
		7268910C23E1A89600555BAD /* sensor_interface.cpp */ = {isa = PBXFileReference; fileEncoding = 4; lastKnownFileType = sourcecode.cpp.cpp; path = sensor_interface.cpp; sourceTree = "<group>"; };
		7268910D23E1A89600555BAD /* frustum.h */ = {isa = PBXFileReference; fileEncoding = 4; lastKnownFileType = sourcecode.c.h; path = frustum.h; sourceTree = "<group>"; };
		7268910E23E1A89600555BAD /* magic_motion.h */ = {isa = PBXFileReference; fileEncoding = 4; lastKnownFileType = sourcecode.c.h; path = magic_motion.h; sourceTree = "<group>"; };
		7268910F23E1A89600555BAD /* magic_math.h */ = {isa = PBXFileReference; fileEncoding = 4; lastKnownFileType = sourcecode.c.h; path = magic_math.h; sourceTree = "<group>"; };
		7268911023E1A89600555BAD /* octree.cpp */ = {isa = PBXFileReference; fileEncoding = 4; lastKnownFileType = sourcecode.cpp.cpp; path = octree.cpp; sourceTree = "<group>"; };
		7268911123E1A89600555BAD /* sensor_serialization.cpp */ = {isa = PBXFileReference; fileEncoding = 4; lastKnownFileType = sourcecode.cpp.cpp; path = sensor_serialization.cpp; sourceTree = "<group>"; };
		7268911223E1A89600555BAD /* sensor_serialization.h */ = {isa = PBXFileReference; fileEncoding = 4; lastKnownFileType = sourcecode.c.h; path = sensor_serialization.h; sourceTree = "<group>"; };
		72BE2726246D27EC00467195 /* libopencv_line_descriptor.4.2.0.dylib */ = {isa = PBXFileReference; lastKnownFileType = "compiled.mach-o.dylib"; name = libopencv_line_descriptor.4.2.0.dylib; path = ../../../../../../usr/local/Cellar/opencv/4.2.0_3/lib/libopencv_line_descriptor.4.2.0.dylib; sourceTree = "<group>"; };
		72BE2727246D27EC00467195 /* libopencv_sfm.4.2.0.dylib */ = {isa = PBXFileReference; lastKnownFileType = "compiled.mach-o.dylib"; name = libopencv_sfm.4.2.0.dylib; path = ../../../../../../usr/local/Cellar/opencv/4.2.0_3/lib/libopencv_sfm.4.2.0.dylib; sourceTree = "<group>"; };
		72BE2728246D27EC00467195 /* libopencv_xfeatures2d.4.2.0.dylib */ = {isa = PBXFileReference; lastKnownFileType = "compiled.mach-o.dylib"; name = libopencv_xfeatures2d.4.2.0.dylib; path = ../../../../../../usr/local/Cellar/opencv/4.2.0_3/lib/libopencv_xfeatures2d.4.2.0.dylib; sourceTree = "<group>"; };
		72BE2729246D27EC00467195 /* libopencv_calib3d.4.2.0.dylib */ = {isa = PBXFileReference; lastKnownFileType = "compiled.mach-o.dylib"; name = libopencv_calib3d.4.2.0.dylib; path = ../../../../../../usr/local/Cellar/opencv/4.2.0_3/lib/libopencv_calib3d.4.2.0.dylib; sourceTree = "<group>"; };
		72BE272A246D27EC00467195 /* libopencv_text.4.2.0.dylib */ = {isa = PBXFileReference; lastKnownFileType = "compiled.mach-o.dylib"; name = libopencv_text.4.2.0.dylib; path = ../../../../../../usr/local/Cellar/opencv/4.2.0_3/lib/libopencv_text.4.2.0.dylib; sourceTree = "<group>"; };
		72BE272B246D27EC00467195 /* libopencv_aruco.4.2.0.dylib */ = {isa = PBXFileReference; lastKnownFileType = "compiled.mach-o.dylib"; name = libopencv_aruco.4.2.0.dylib; path = ../../../../../../usr/local/Cellar/opencv/4.2.0_3/lib/libopencv_aruco.4.2.0.dylib; sourceTree = "<group>"; };
		72BE272C246D27EC00467195 /* libopencv_imgcodecs.4.2.0.dylib */ = {isa = PBXFileReference; lastKnownFileType = "compiled.mach-o.dylib"; name = libopencv_imgcodecs.4.2.0.dylib; path = ../../../../../../usr/local/Cellar/opencv/4.2.0_3/lib/libopencv_imgcodecs.4.2.0.dylib; sourceTree = "<group>"; };
		72BE272D246D27EC00467195 /* libopencv_dnn.4.2.0.dylib */ = {isa = PBXFileReference; lastKnownFileType = "compiled.mach-o.dylib"; name = libopencv_dnn.4.2.0.dylib; path = ../../../../../../usr/local/Cellar/opencv/4.2.0_3/lib/libopencv_dnn.4.2.0.dylib; sourceTree = "<group>"; };
		72BE272E246D27EC00467195 /* libopencv_dnn_objdetect.4.2.0.dylib */ = {isa = PBXFileReference; lastKnownFileType = "compiled.mach-o.dylib"; name = libopencv_dnn_objdetect.4.2.0.dylib; path = ../../../../../../usr/local/Cellar/opencv/4.2.0_3/lib/libopencv_dnn_objdetect.4.2.0.dylib; sourceTree = "<group>"; };
		72BE272F246D27EC00467195 /* libopencv_ccalib.4.2.0.dylib */ = {isa = PBXFileReference; lastKnownFileType = "compiled.mach-o.dylib"; name = libopencv_ccalib.4.2.0.dylib; path = ../../../../../../usr/local/Cellar/opencv/4.2.0_3/lib/libopencv_ccalib.4.2.0.dylib; sourceTree = "<group>"; };
		72BE2730246D27EC00467195 /* libopencv_shape.4.2.0.dylib */ = {isa = PBXFileReference; lastKnownFileType = "compiled.mach-o.dylib"; name = libopencv_shape.4.2.0.dylib; path = ../../../../../../usr/local/Cellar/opencv/4.2.0_3/lib/libopencv_shape.4.2.0.dylib; sourceTree = "<group>"; };
		72BE2731246D27EC00467195 /* libopencv_objdetect.4.2.0.dylib */ = {isa = PBXFileReference; lastKnownFileType = "compiled.mach-o.dylib"; name = libopencv_objdetect.4.2.0.dylib; path = ../../../../../../usr/local/Cellar/opencv/4.2.0_3/lib/libopencv_objdetect.4.2.0.dylib; sourceTree = "<group>"; };
		72BE2732246D27EC00467195 /* libopencv_stitching.4.2.0.dylib */ = {isa = PBXFileReference; lastKnownFileType = "compiled.mach-o.dylib"; name = libopencv_stitching.4.2.0.dylib; path = ../../../../../../usr/local/Cellar/opencv/4.2.0_3/lib/libopencv_stitching.4.2.0.dylib; sourceTree = "<group>"; };
		72BE2733246D27EC00467195 /* libopencv_flann.4.2.0.dylib */ = {isa = PBXFileReference; lastKnownFileType = "compiled.mach-o.dylib"; name = libopencv_flann.4.2.0.dylib; path = ../../../../../../usr/local/Cellar/opencv/4.2.0_3/lib/libopencv_flann.4.2.0.dylib; sourceTree = "<group>"; };
		72BE2734246D27EC00467195 /* libopencv_imgproc.4.2.0.dylib */ = {isa = PBXFileReference; lastKnownFileType = "compiled.mach-o.dylib"; name = libopencv_imgproc.4.2.0.dylib; path = ../../../../../../usr/local/Cellar/opencv/4.2.0_3/lib/libopencv_imgproc.4.2.0.dylib; sourceTree = "<group>"; };
		72BE2735246D27EC00467195 /* libopencv_rgbd.4.2.0.dylib */ = {isa = PBXFileReference; lastKnownFileType = "compiled.mach-o.dylib"; name = libopencv_rgbd.4.2.0.dylib; path = ../../../../../../usr/local/Cellar/opencv/4.2.0_3/lib/libopencv_rgbd.4.2.0.dylib; sourceTree = "<group>"; };
		72BE2736246D27EC00467195 /* libopencv_video.4.2.0.dylib */ = {isa = PBXFileReference; lastKnownFileType = "compiled.mach-o.dylib"; name = libopencv_video.4.2.0.dylib; path = ../../../../../../usr/local/Cellar/opencv/4.2.0_3/lib/libopencv_video.4.2.0.dylib; sourceTree = "<group>"; };
		72BE2737246D27EC00467195 /* libopencv_videostab.4.2.0.dylib */ = {isa = PBXFileReference; lastKnownFileType = "compiled.mach-o.dylib"; name = libopencv_videostab.4.2.0.dylib; path = ../../../../../../usr/local/Cellar/opencv/4.2.0_3/lib/libopencv_videostab.4.2.0.dylib; sourceTree = "<group>"; };
		72BE2738246D27EC00467195 /* libopencv_datasets.4.2.0.dylib */ = {isa = PBXFileReference; lastKnownFileType = "compiled.mach-o.dylib"; name = libopencv_datasets.4.2.0.dylib; path = ../../../../../../usr/local/Cellar/opencv/4.2.0_3/lib/libopencv_datasets.4.2.0.dylib; sourceTree = "<group>"; };
		72BE2739246D27EC00467195 /* libopencv_ximgproc.4.2.0.dylib */ = {isa = PBXFileReference; lastKnownFileType = "compiled.mach-o.dylib"; name = libopencv_ximgproc.4.2.0.dylib; path = ../../../../../../usr/local/Cellar/opencv/4.2.0_3/lib/libopencv_ximgproc.4.2.0.dylib; sourceTree = "<group>"; };
		72BE273A246D27EC00467195 /* libopencv_xobjdetect.4.2.0.dylib */ = {isa = PBXFileReference; lastKnownFileType = "compiled.mach-o.dylib"; name = libopencv_xobjdetect.4.2.0.dylib; path = ../../../../../../usr/local/Cellar/opencv/4.2.0_3/lib/libopencv_xobjdetect.4.2.0.dylib; sourceTree = "<group>"; };
		72BE273B246D27EC00467195 /* libopencv_videoio.4.2.0.dylib */ = {isa = PBXFileReference; lastKnownFileType = "compiled.mach-o.dylib"; name = libopencv_videoio.4.2.0.dylib; path = ../../../../../../usr/local/Cellar/opencv/4.2.0_3/lib/libopencv_videoio.4.2.0.dylib; sourceTree = "<group>"; };
		72BE273C246D27EC00467195 /* libopencv_surface_matching.4.2.0.dylib */ = {isa = PBXFileReference; lastKnownFileType = "compiled.mach-o.dylib"; name = libopencv_surface_matching.4.2.0.dylib; path = ../../../../../../usr/local/Cellar/opencv/4.2.0_3/lib/libopencv_surface_matching.4.2.0.dylib; sourceTree = "<group>"; };
		72BE273D246D27EC00467195 /* libopencv_xphoto.4.2.0.dylib */ = {isa = PBXFileReference; lastKnownFileType = "compiled.mach-o.dylib"; name = libopencv_xphoto.4.2.0.dylib; path = ../../../../../../usr/local/Cellar/opencv/4.2.0_3/lib/libopencv_xphoto.4.2.0.dylib; sourceTree = "<group>"; };
		72BE273E246D27EC00467195 /* libopencv_bgsegm.4.2.0.dylib */ = {isa = PBXFileReference; lastKnownFileType = "compiled.mach-o.dylib"; name = libopencv_bgsegm.4.2.0.dylib; path = ../../../../../../usr/local/Cellar/opencv/4.2.0_3/lib/libopencv_bgsegm.4.2.0.dylib; sourceTree = "<group>"; };
		72BE273F246D27EC00467195 /* libopencv_dpm.4.2.0.dylib */ = {isa = PBXFileReference; lastKnownFileType = "compiled.mach-o.dylib"; name = libopencv_dpm.4.2.0.dylib; path = ../../../../../../usr/local/Cellar/opencv/4.2.0_3/lib/libopencv_dpm.4.2.0.dylib; sourceTree = "<group>"; };
		72BE2740246D27EC00467195 /* libopencv_freetype.4.2.0.dylib */ = {isa = PBXFileReference; lastKnownFileType = "compiled.mach-o.dylib"; name = libopencv_freetype.4.2.0.dylib; path = ../../../../../../usr/local/Cellar/opencv/4.2.0_3/lib/libopencv_freetype.4.2.0.dylib; sourceTree = "<group>"; };
		72BE2741246D27EC00467195 /* libopencv_core.4.2.0.dylib */ = {isa = PBXFileReference; lastKnownFileType = "compiled.mach-o.dylib"; name = libopencv_core.4.2.0.dylib; path = ../../../../../../usr/local/Cellar/opencv/4.2.0_3/lib/libopencv_core.4.2.0.dylib; sourceTree = "<group>"; };
		72BE2742246D27EC00467195 /* libopencv_hfs.4.2.0.dylib */ = {isa = PBXFileReference; lastKnownFileType = "compiled.mach-o.dylib"; name = libopencv_hfs.4.2.0.dylib; path = ../../../../../../usr/local/Cellar/opencv/4.2.0_3/lib/libopencv_hfs.4.2.0.dylib; sourceTree = "<group>"; };
		72BE2743246D27EC00467195 /* libopencv_highgui.4.2.0.dylib */ = {isa = PBXFileReference; lastKnownFileType = "compiled.mach-o.dylib"; name = libopencv_highgui.4.2.0.dylib; path = ../../../../../../usr/local/Cellar/opencv/4.2.0_3/lib/libopencv_highgui.4.2.0.dylib; sourceTree = "<group>"; };
		72BE2744246D27EC00467195 /* libopencv_gapi.4.2.0.dylib */ = {isa = PBXFileReference; lastKnownFileType = "compiled.mach-o.dylib"; name = libopencv_gapi.4.2.0.dylib; path = ../../../../../../usr/local/Cellar/opencv/4.2.0_3/lib/libopencv_gapi.4.2.0.dylib; sourceTree = "<group>"; };
		72BE2745246D27EC00467195 /* libopencv_ml.4.2.0.dylib */ = {isa = PBXFileReference; lastKnownFileType = "compiled.mach-o.dylib"; name = libopencv_ml.4.2.0.dylib; path = ../../../../../../usr/local/Cellar/opencv/4.2.0_3/lib/libopencv_ml.4.2.0.dylib; sourceTree = "<group>"; };
		72BE2746246D27EC00467195 /* libopencv_stereo.4.2.0.dylib */ = {isa = PBXFileReference; lastKnownFileType = "compiled.mach-o.dylib"; name = libopencv_stereo.4.2.0.dylib; path = ../../../../../../usr/local/Cellar/opencv/4.2.0_3/lib/libopencv_stereo.4.2.0.dylib; sourceTree = "<group>"; };
		72BE2747246D27EC00467195 /* libopencv_bioinspired.4.2.0.dylib */ = {isa = PBXFileReference; lastKnownFileType = "compiled.mach-o.dylib"; name = libopencv_bioinspired.4.2.0.dylib; path = ../../../../../../usr/local/Cellar/opencv/4.2.0_3/lib/libopencv_bioinspired.4.2.0.dylib; sourceTree = "<group>"; };
		72BE2748246D27EC00467195 /* libopencv_phase_unwrapping.4.2.0.dylib */ = {isa = PBXFileReference; lastKnownFileType = "compiled.mach-o.dylib"; name = libopencv_phase_unwrapping.4.2.0.dylib; path = ../../../../../../usr/local/Cellar/opencv/4.2.0_3/lib/libopencv_phase_unwrapping.4.2.0.dylib; sourceTree = "<group>"; };
		72BE2749246D27EC00467195 /* libopencv_face.4.2.0.dylib */ = {isa = PBXFileReference; lastKnownFileType = "compiled.mach-o.dylib"; name = libopencv_face.4.2.0.dylib; path = ../../../../../../usr/local/Cellar/opencv/4.2.0_3/lib/libopencv_face.4.2.0.dylib; sourceTree = "<group>"; };
		72BE274A246D27EC00467195 /* libopencv_tracking.4.2.0.dylib */ = {isa = PBXFileReference; lastKnownFileType = "compiled.mach-o.dylib"; name = libopencv_tracking.4.2.0.dylib; path = ../../../../../../usr/local/Cellar/opencv/4.2.0_3/lib/libopencv_tracking.4.2.0.dylib; sourceTree = "<group>"; };
		72BE274B246D27ED00467195 /* libopencv_quality.4.2.0.dylib */ = {isa = PBXFileReference; lastKnownFileType = "compiled.mach-o.dylib"; name = libopencv_quality.4.2.0.dylib; path = ../../../../../../usr/local/Cellar/opencv/4.2.0_3/lib/libopencv_quality.4.2.0.dylib; sourceTree = "<group>"; };
		72BE274C246D27ED00467195 /* libopencv_reg.4.2.0.dylib */ = {isa = PBXFileReference; lastKnownFileType = "compiled.mach-o.dylib"; name = libopencv_reg.4.2.0.dylib; path = ../../../../../../usr/local/Cellar/opencv/4.2.0_3/lib/libopencv_reg.4.2.0.dylib; sourceTree = "<group>"; };
		72BE274D246D27ED00467195 /* libopencv_saliency.4.2.0.dylib */ = {isa = PBXFileReference; lastKnownFileType = "compiled.mach-o.dylib"; name = libopencv_saliency.4.2.0.dylib; path = ../../../../../../usr/local/Cellar/opencv/4.2.0_3/lib/libopencv_saliency.4.2.0.dylib; sourceTree = "<group>"; };
		72BE274E246D27ED00467195 /* libopencv_superres.4.2.0.dylib */ = {isa = PBXFileReference; lastKnownFileType = "compiled.mach-o.dylib"; name = libopencv_superres.4.2.0.dylib; path = ../../../../../../usr/local/Cellar/opencv/4.2.0_3/lib/libopencv_superres.4.2.0.dylib; sourceTree = "<group>"; };
		72BE274F246D27ED00467195 /* libopencv_structured_light.4.2.0.dylib */ = {isa = PBXFileReference; lastKnownFileType = "compiled.mach-o.dylib"; name = libopencv_structured_light.4.2.0.dylib; path = ../../../../../../usr/local/Cellar/opencv/4.2.0_3/lib/libopencv_structured_light.4.2.0.dylib; sourceTree = "<group>"; };
		72BE2750246D27ED00467195 /* libopencv_img_hash.4.2.0.dylib */ = {isa = PBXFileReference; lastKnownFileType = "compiled.mach-o.dylib"; name = libopencv_img_hash.4.2.0.dylib; path = ../../../../../../usr/local/Cellar/opencv/4.2.0_3/lib/libopencv_img_hash.4.2.0.dylib; sourceTree = "<group>"; };
		72BE2751246D27ED00467195 /* libopencv_dnn_superres.4.2.0.dylib */ = {isa = PBXFileReference; lastKnownFileType = "compiled.mach-o.dylib"; name = libopencv_dnn_superres.4.2.0.dylib; path = ../../../../../../usr/local/Cellar/opencv/4.2.0_3/lib/libopencv_dnn_superres.4.2.0.dylib; sourceTree = "<group>"; };
		72BE2752246D27ED00467195 /* libopencv_plot.4.2.0.dylib */ = {isa = PBXFileReference; lastKnownFileType = "compiled.mach-o.dylib"; name = libopencv_plot.4.2.0.dylib; path = ../../../../../../usr/local/Cellar/opencv/4.2.0_3/lib/libopencv_plot.4.2.0.dylib; sourceTree = "<group>"; };
		72BE2753246D27ED00467195 /* libopencv_photo.4.2.0.dylib */ = {isa = PBXFileReference; lastKnownFileType = "compiled.mach-o.dylib"; name = libopencv_photo.4.2.0.dylib; path = ../../../../../../usr/local/Cellar/opencv/4.2.0_3/lib/libopencv_photo.4.2.0.dylib; sourceTree = "<group>"; };
		72BE2754246D27ED00467195 /* libopencv_features2d.4.2.0.dylib */ = {isa = PBXFileReference; lastKnownFileType = "compiled.mach-o.dylib"; name = libopencv_features2d.4.2.0.dylib; path = ../../../../../../usr/local/Cellar/opencv/4.2.0_3/lib/libopencv_features2d.4.2.0.dylib; sourceTree = "<group>"; };
		72BE2755246D27ED00467195 /* libopencv_optflow.4.2.0.dylib */ = {isa = PBXFileReference; lastKnownFileType = "compiled.mach-o.dylib"; name = libopencv_optflow.4.2.0.dylib; path = ../../../../../../usr/local/Cellar/opencv/4.2.0_3/lib/libopencv_optflow.4.2.0.dylib; sourceTree = "<group>"; };
		72E094A723FC0AC1002F0293 /* librealsense2.2.32.1.dylib */ = {isa = PBXFileReference; lastKnownFileType = "compiled.mach-o.dylib"; name = librealsense2.2.32.1.dylib; path = ../../../../Dev/librealsense/build/Debug/librealsense2.2.32.1.dylib; sourceTree = "<group>"; };
		72E094AA23FC1DB5002F0293 /* libOpenNI2.dylib */ = {isa = PBXFileReference; lastKnownFileType = "compiled.mach-o.dylib"; name = libOpenNI2.dylib; path = ../libOpenNI2.dylib; sourceTree = "<group>"; };
/* End PBXFileReference section */

/* Begin PBXFrameworksBuildPhase section */
		726890C123E1A7CA00555BAD /* Frameworks */ = {
			isa = PBXFrameworksBuildPhase;
			buildActionMask = 2147483647;
			files = (
				72BE27B2246D27EE00467195 /* libopencv_features2d.4.2.0.dylib in Frameworks */,
				72BE27B0246D27EE00467195 /* libopencv_photo.4.2.0.dylib in Frameworks */,
				72BE2778246D27ED00467195 /* libopencv_videostab.4.2.0.dylib in Frameworks */,
				72BE2768246D27ED00467195 /* libopencv_ccalib.4.2.0.dylib in Frameworks */,
				72BE2780246D27ED00467195 /* libopencv_videoio.4.2.0.dylib in Frameworks */,
				72BE2772246D27ED00467195 /* libopencv_imgproc.4.2.0.dylib in Frameworks */,
				72BE2782246D27ED00467195 /* libopencv_surface_matching.4.2.0.dylib in Frameworks */,
				72BE27AC246D27EE00467195 /* libopencv_dnn_superres.4.2.0.dylib in Frameworks */,
				72BE278E246D27ED00467195 /* libopencv_hfs.4.2.0.dylib in Frameworks */,
				72BE2762246D27ED00467195 /* libopencv_imgcodecs.4.2.0.dylib in Frameworks */,
				72BE27A4246D27EE00467195 /* libopencv_saliency.4.2.0.dylib in Frameworks */,
				72BE2766246D27ED00467195 /* libopencv_dnn_objdetect.4.2.0.dylib in Frameworks */,
				72BE27AA246D27EE00467195 /* libopencv_img_hash.4.2.0.dylib in Frameworks */,
				72BE279E246D27EE00467195 /* libopencv_tracking.4.2.0.dylib in Frameworks */,
				72BE2756246D27ED00467195 /* libopencv_line_descriptor.4.2.0.dylib in Frameworks */,
				72BE275C246D27ED00467195 /* libopencv_calib3d.4.2.0.dylib in Frameworks */,
				72BE27AE246D27EE00467195 /* libopencv_plot.4.2.0.dylib in Frameworks */,
				72BE278A246D27ED00467195 /* libopencv_freetype.4.2.0.dylib in Frameworks */,
				72BE2764246D27ED00467195 /* libopencv_dnn.4.2.0.dylib in Frameworks */,
				72BE279A246D27EE00467195 /* libopencv_phase_unwrapping.4.2.0.dylib in Frameworks */,
				72BE2758246D27ED00467195 /* libopencv_sfm.4.2.0.dylib in Frameworks */,
				72E094AE23FC20C9002F0293 /* libOpenNI2.dylib in Frameworks */,
				72BE277A246D27ED00467195 /* libopencv_datasets.4.2.0.dylib in Frameworks */,
				72BE2774246D27ED00467195 /* libopencv_rgbd.4.2.0.dylib in Frameworks */,
				72BE277E246D27ED00467195 /* libopencv_xobjdetect.4.2.0.dylib in Frameworks */,
				72BE27A6246D27EE00467195 /* libopencv_superres.4.2.0.dylib in Frameworks */,
				72BE2784246D27ED00467195 /* libopencv_xphoto.4.2.0.dylib in Frameworks */,
				72BE276C246D27ED00467195 /* libopencv_objdetect.4.2.0.dylib in Frameworks */,
				72BE277C246D27ED00467195 /* libopencv_ximgproc.4.2.0.dylib in Frameworks */,
				72BE2788246D27ED00467195 /* libopencv_dpm.4.2.0.dylib in Frameworks */,
				72BE2776246D27ED00467195 /* libopencv_video.4.2.0.dylib in Frameworks */,
				72BE2794246D27EE00467195 /* libopencv_ml.4.2.0.dylib in Frameworks */,
				72BE2798246D27EE00467195 /* libopencv_bioinspired.4.2.0.dylib in Frameworks */,
				72BE275E246D27ED00467195 /* libopencv_text.4.2.0.dylib in Frameworks */,
				72BE2760246D27ED00467195 /* libopencv_aruco.4.2.0.dylib in Frameworks */,
				72BE2796246D27EE00467195 /* libopencv_stereo.4.2.0.dylib in Frameworks */,
				72BE27A8246D27EE00467195 /* libopencv_structured_light.4.2.0.dylib in Frameworks */,
				72BE275A246D27ED00467195 /* libopencv_xfeatures2d.4.2.0.dylib in Frameworks */,
				72BE2786246D27ED00467195 /* libopencv_bgsegm.4.2.0.dylib in Frameworks */,
				72BE27B4246D27EE00467195 /* libopencv_optflow.4.2.0.dylib in Frameworks */,
				72BE278C246D27ED00467195 /* libopencv_core.4.2.0.dylib in Frameworks */,
				72BE27A0246D27EE00467195 /* libopencv_quality.4.2.0.dylib in Frameworks */,
				72BE2790246D27ED00467195 /* libopencv_highgui.4.2.0.dylib in Frameworks */,
				72BE27A2246D27EE00467195 /* libopencv_reg.4.2.0.dylib in Frameworks */,
				72BE276A246D27ED00467195 /* libopencv_shape.4.2.0.dylib in Frameworks */,
				72BE276E246D27ED00467195 /* libopencv_stitching.4.2.0.dylib in Frameworks */,
				72BE2792246D27EE00467195 /* libopencv_gapi.4.2.0.dylib in Frameworks */,
				72BE279C246D27EE00467195 /* libopencv_face.4.2.0.dylib in Frameworks */,
				72BE2770246D27ED00467195 /* libopencv_flann.4.2.0.dylib in Frameworks */,
			);
			runOnlyForDeploymentPostprocessing = 0;
		};
/* End PBXFrameworksBuildPhase section */

/* Begin PBXGroup section */
		726890BA23E1A7CA00555BAD = {
			isa = PBXGroup;
			children = (
				726890CB23E1A89600555BAD /* OpenNI */,
				7268910723E1A89600555BAD /* src */,
				726890CA23E1A7F600555BAD /* Info.plist */,
				726890C423E1A7CA00555BAD /* Products */,
				7268914623E1A8BA00555BAD /* Frameworks */,
			);
			sourceTree = "<group>";
		};
		726890C423E1A7CA00555BAD /* Products */ = {
			isa = PBXGroup;
			children = (
				726890C323E1A7CA00555BAD /* libMagicMotion.dylib */,
			);
			name = Products;
			sourceTree = "<group>";
		};
		726890CB23E1A89600555BAD /* OpenNI */ = {
			isa = PBXGroup;
			children = (
				726890CC23E1A89600555BAD /* libOpenNI2.dylib */,
				726890CD23E1A89600555BAD /* Redist */,
				726890DF23E1A89600555BAD /* Makefile */,
				726890E023E1A89600555BAD /* Include */,
				726890FA23E1A89600555BAD /* OpenNI2 */,
			);
			name = OpenNI;
			path = ../OpenNI;
			sourceTree = "<group>";
		};
		726890CD23E1A89600555BAD /* Redist */ = {
			isa = PBXGroup;
			children = (
				726890CE23E1A89600555BAD /* libOpenNI2.dylib */,
				726890CF23E1A89600555BAD /* OpenNI.ini */,
				726890D023E1A89600555BAD /* libOpenNI2.jni.dylib */,
				726890D123E1A89600555BAD /* org.openni.jar */,
				726890D223E1A89600555BAD /* OpenNI2 */,
			);
			path = Redist;
			sourceTree = "<group>";
		};
		726890D223E1A89600555BAD /* OpenNI2 */ = {
			isa = PBXGroup;
			children = (
				726890D323E1A89600555BAD /* Drivers */,
			);
			path = OpenNI2;
			sourceTree = "<group>";
		};
		726890D323E1A89600555BAD /* Drivers */ = {
			isa = PBXGroup;
			children = (
				726890D423E1A89600555BAD /* libPSLink.dylib */,
				726890D523E1A89600555BAD /* liborbbec.dylib */,
				726890D623E1A89600555BAD /* libOniFile.dylib */,
				726890D723E1A89600555BAD /* libusb-1.0.0.dylib */,
				726890D823E1A89600555BAD /* libfreenect2-openni2.dylib */,
				726890D923E1A89600555BAD /* libFreenectDriver.dylib */,
				726890DA23E1A89600555BAD /* PS1080.ini */,
				726890DB23E1A89600555BAD /* PSLink.ini */,
				726890DC23E1A89600555BAD /* orbbec.ini */,
				726890DD23E1A89600555BAD /* libPS1080.dylib */,
				726890DE23E1A89600555BAD /* libfreenect2-openni2.0.dylib */,
			);
			path = Drivers;
			sourceTree = "<group>";
		};
		726890E023E1A89600555BAD /* Include */ = {
			isa = PBXGroup;
			children = (
				726890E123E1A89600555BAD /* Linux-Arm */,
				726890E323E1A89600555BAD /* Android-Arm */,
				726890E523E1A89600555BAD /* OniEnums.h */,
				726890E623E1A89600555BAD /* PrimeSense.h */,
				726890E723E1A89600555BAD /* Driver */,
				726890EA23E1A89600555BAD /* OpenNI.h */,
				726890EB23E1A89600555BAD /* Linux-x86 */,
				726890ED23E1A89600555BAD /* OniProperties.h */,
				726890EE23E1A89600555BAD /* OniCTypes.h */,
				726890EF23E1A89600555BAD /* OniPlatform.h */,
				726890F023E1A89600555BAD /* OniCProperties.h */,
				726890F123E1A89600555BAD /* MacOSX */,
				726890F323E1A89600555BAD /* PS1080.h */,
				726890F423E1A89600555BAD /* PSLink.h */,
				726890F523E1A89600555BAD /* OniCAPI.h */,
				726890F623E1A89600555BAD /* OniCEnums.h */,
				726890F723E1A89600555BAD /* Win32 */,
				726890F923E1A89600555BAD /* OniVersion.h */,
			);
			path = Include;
			sourceTree = "<group>";
		};
		726890E123E1A89600555BAD /* Linux-Arm */ = {
			isa = PBXGroup;
			children = (
				726890E223E1A89600555BAD /* OniPlatformLinux-Arm.h */,
			);
			path = "Linux-Arm";
			sourceTree = "<group>";
		};
		726890E323E1A89600555BAD /* Android-Arm */ = {
			isa = PBXGroup;
			children = (
				726890E423E1A89600555BAD /* OniPlatformAndroid-Arm.h */,
			);
			path = "Android-Arm";
			sourceTree = "<group>";
		};
		726890E723E1A89600555BAD /* Driver */ = {
			isa = PBXGroup;
			children = (
				726890E823E1A89600555BAD /* OniDriverAPI.h */,
				726890E923E1A89600555BAD /* OniDriverTypes.h */,
			);
			path = Driver;
			sourceTree = "<group>";
		};
		726890EB23E1A89600555BAD /* Linux-x86 */ = {
			isa = PBXGroup;
			children = (
				726890EC23E1A89600555BAD /* OniPlatformLinux-x86.h */,
			);
			path = "Linux-x86";
			sourceTree = "<group>";
		};
		726890F123E1A89600555BAD /* MacOSX */ = {
			isa = PBXGroup;
			children = (
				726890F223E1A89600555BAD /* OniPlatformMacOSX.h */,
			);
			path = MacOSX;
			sourceTree = "<group>";
		};
		726890F723E1A89600555BAD /* Win32 */ = {
			isa = PBXGroup;
			children = (
				726890F823E1A89600555BAD /* OniPlatformWin32.h */,
			);
			path = Win32;
			sourceTree = "<group>";
		};
		726890FA23E1A89600555BAD /* OpenNI2 */ = {
			isa = PBXGroup;
			children = (
				726890FB23E1A89600555BAD /* Drivers */,
			);
			path = OpenNI2;
			sourceTree = "<group>";
		};
		726890FB23E1A89600555BAD /* Drivers */ = {
			isa = PBXGroup;
			children = (
				726890FC23E1A89600555BAD /* libPSLink.dylib */,
				726890FD23E1A89600555BAD /* liborbbec.dylib */,
				726890FE23E1A89600555BAD /* libOniFile.dylib */,
				726890FF23E1A89600555BAD /* libusb-1.0.0.dylib */,
				7268910023E1A89600555BAD /* libfreenect2-openni2.dylib */,
				7268910123E1A89600555BAD /* libFreenectDriver.dylib */,
				7268910223E1A89600555BAD /* PS1080.ini */,
				7268910323E1A89600555BAD /* PSLink.ini */,
				7268910423E1A89600555BAD /* orbbec.ini */,
				7268910523E1A89600555BAD /* libPS1080.dylib */,
				7268910623E1A89600555BAD /* libfreenect2-openni2.0.dylib */,
			);
			path = Drivers;
			sourceTree = "<group>";
		};
		7268910723E1A89600555BAD /* src */ = {
			isa = PBXGroup;
			children = (
				7268910823E1A89600555BAD /* utils.h */,
				7268910923E1A89600555BAD /* magic_motion.cpp */,
				7268910A23E1A89600555BAD /* sensor_interface.h */,
				7268910B23E1A89600555BAD /* octree.h */,
				7268910C23E1A89600555BAD /* sensor_interface.cpp */,
				7268910D23E1A89600555BAD /* frustum.h */,
				7268910E23E1A89600555BAD /* magic_motion.h */,
				7268910F23E1A89600555BAD /* magic_math.h */,
				7268911023E1A89600555BAD /* octree.cpp */,
				7268911123E1A89600555BAD /* sensor_serialization.cpp */,
				7268911223E1A89600555BAD /* sensor_serialization.h */,
			);
			name = src;
			path = ../src;
			sourceTree = "<group>";
		};
		7268914623E1A8BA00555BAD /* Frameworks */ = {
			isa = PBXGroup;
			children = (
				72BE272B246D27EC00467195 /* libopencv_aruco.4.2.0.dylib */,
				72BE273E246D27EC00467195 /* libopencv_bgsegm.4.2.0.dylib */,
				72BE2747246D27EC00467195 /* libopencv_bioinspired.4.2.0.dylib */,
				72BE2729246D27EC00467195 /* libopencv_calib3d.4.2.0.dylib */,
				72BE272F246D27EC00467195 /* libopencv_ccalib.4.2.0.dylib */,
				72BE2741246D27EC00467195 /* libopencv_core.4.2.0.dylib */,
				72BE2738246D27EC00467195 /* libopencv_datasets.4.2.0.dylib */,
				72BE272E246D27EC00467195 /* libopencv_dnn_objdetect.4.2.0.dylib */,
				72BE2751246D27ED00467195 /* libopencv_dnn_superres.4.2.0.dylib */,
				72BE272D246D27EC00467195 /* libopencv_dnn.4.2.0.dylib */,
				72BE273F246D27EC00467195 /* libopencv_dpm.4.2.0.dylib */,
				72BE2749246D27EC00467195 /* libopencv_face.4.2.0.dylib */,
				72BE2754246D27ED00467195 /* libopencv_features2d.4.2.0.dylib */,
				72BE2733246D27EC00467195 /* libopencv_flann.4.2.0.dylib */,
				72BE2740246D27EC00467195 /* libopencv_freetype.4.2.0.dylib */,
				72BE2744246D27EC00467195 /* libopencv_gapi.4.2.0.dylib */,
				72BE2742246D27EC00467195 /* libopencv_hfs.4.2.0.dylib */,
				72BE2743246D27EC00467195 /* libopencv_highgui.4.2.0.dylib */,
				72BE2750246D27ED00467195 /* libopencv_img_hash.4.2.0.dylib */,
				72BE272C246D27EC00467195 /* libopencv_imgcodecs.4.2.0.dylib */,
				72BE2734246D27EC00467195 /* libopencv_imgproc.4.2.0.dylib */,
				72BE2726246D27EC00467195 /* libopencv_line_descriptor.4.2.0.dylib */,
				72BE2745246D27EC00467195 /* libopencv_ml.4.2.0.dylib */,
				72BE2731246D27EC00467195 /* libopencv_objdetect.4.2.0.dylib */,
				72BE2755246D27ED00467195 /* libopencv_optflow.4.2.0.dylib */,
				72BE2748246D27EC00467195 /* libopencv_phase_unwrapping.4.2.0.dylib */,
				72BE2753246D27ED00467195 /* libopencv_photo.4.2.0.dylib */,
				72BE2752246D27ED00467195 /* libopencv_plot.4.2.0.dylib */,
				72BE274B246D27ED00467195 /* libopencv_quality.4.2.0.dylib */,
				72BE274C246D27ED00467195 /* libopencv_reg.4.2.0.dylib */,
				72BE2735246D27EC00467195 /* libopencv_rgbd.4.2.0.dylib */,
				72BE274D246D27ED00467195 /* libopencv_saliency.4.2.0.dylib */,
				72BE2727246D27EC00467195 /* libopencv_sfm.4.2.0.dylib */,
				72BE2730246D27EC00467195 /* libopencv_shape.4.2.0.dylib */,
				72BE2746246D27EC00467195 /* libopencv_stereo.4.2.0.dylib */,
				72BE2732246D27EC00467195 /* libopencv_stitching.4.2.0.dylib */,
				72BE274F246D27ED00467195 /* libopencv_structured_light.4.2.0.dylib */,
				72BE274E246D27ED00467195 /* libopencv_superres.4.2.0.dylib */,
				72BE273C246D27EC00467195 /* libopencv_surface_matching.4.2.0.dylib */,
				72BE272A246D27EC00467195 /* libopencv_text.4.2.0.dylib */,
				72BE274A246D27EC00467195 /* libopencv_tracking.4.2.0.dylib */,
				72BE2736246D27EC00467195 /* libopencv_video.4.2.0.dylib */,
				72BE273B246D27EC00467195 /* libopencv_videoio.4.2.0.dylib */,
				72BE2737246D27EC00467195 /* libopencv_videostab.4.2.0.dylib */,
				72BE2728246D27EC00467195 /* libopencv_xfeatures2d.4.2.0.dylib */,
				72BE2739246D27EC00467195 /* libopencv_ximgproc.4.2.0.dylib */,
				72BE273A246D27EC00467195 /* libopencv_xobjdetect.4.2.0.dylib */,
				72BE273D246D27EC00467195 /* libopencv_xphoto.4.2.0.dylib */,
				72E094AA23FC1DB5002F0293 /* libOpenNI2.dylib */,
				72E094A723FC0AC1002F0293 /* librealsense2.2.32.1.dylib */,
			);
			name = Frameworks;
			sourceTree = "<group>";
		};
/* End PBXGroup section */

/* Begin PBXHeadersBuildPhase section */
		726890BF23E1A7CA00555BAD /* Headers */ = {
			isa = PBXHeadersBuildPhase;
			buildActionMask = 2147483647;
			files = (
				7268912023E1A89600555BAD /* OniPlatformLinux-Arm.h in Headers */,
				7268912323E1A89600555BAD /* PrimeSense.h in Headers */,
				7268914123E1A89600555BAD /* magic_motion.h in Headers */,
				7268912F23E1A89600555BAD /* OniCAPI.h in Headers */,
				7268912723E1A89600555BAD /* OniPlatformLinux-x86.h in Headers */,
				7268912623E1A89600555BAD /* OpenNI.h in Headers */,
				7268912A23E1A89600555BAD /* OniPlatform.h in Headers */,
				7268912823E1A89600555BAD /* OniProperties.h in Headers */,
				7268912923E1A89600555BAD /* OniCTypes.h in Headers */,
				7268913223E1A89600555BAD /* OniVersion.h in Headers */,
				7268912E23E1A89600555BAD /* PSLink.h in Headers */,
				7268913B23E1A89600555BAD /* utils.h in Headers */,
				7268913023E1A89600555BAD /* OniCEnums.h in Headers */,
				7268912423E1A89600555BAD /* OniDriverAPI.h in Headers */,
				7268913D23E1A89600555BAD /* sensor_interface.h in Headers */,
				7268914523E1A89600555BAD /* sensor_serialization.h in Headers */,
				7268912B23E1A89600555BAD /* OniCProperties.h in Headers */,
				7268912523E1A89600555BAD /* OniDriverTypes.h in Headers */,
				7268913E23E1A89600555BAD /* octree.h in Headers */,
				7268912123E1A89600555BAD /* OniPlatformAndroid-Arm.h in Headers */,
				7268912223E1A89600555BAD /* OniEnums.h in Headers */,
				7268914223E1A89600555BAD /* magic_math.h in Headers */,
				7268912D23E1A89600555BAD /* PS1080.h in Headers */,
				7268913123E1A89600555BAD /* OniPlatformWin32.h in Headers */,
				7268912C23E1A89600555BAD /* OniPlatformMacOSX.h in Headers */,
				7268914023E1A89600555BAD /* frustum.h in Headers */,
			);
			runOnlyForDeploymentPostprocessing = 0;
		};
/* End PBXHeadersBuildPhase section */

/* Begin PBXNativeTarget section */
		726890C223E1A7CA00555BAD /* MagicMotion */ = {
			isa = PBXNativeTarget;
			buildConfigurationList = 726890C723E1A7CA00555BAD /* Build configuration list for PBXNativeTarget "MagicMotion" */;
			buildPhases = (
				726890BF23E1A7CA00555BAD /* Headers */,
				726890C023E1A7CA00555BAD /* Sources */,
				726890C123E1A7CA00555BAD /* Frameworks */,
				724BFA1623E2EFAD00C0D300 /* CopyFiles */,
				72BE27B6246D27EF00467195 /* Embed Libraries */,
			);
			buildRules = (
			);
			dependencies = (
			);
			name = MagicMotion;
			productName = MagicMotion;
			productReference = 726890C323E1A7CA00555BAD /* libMagicMotion.dylib */;
			productType = "com.apple.product-type.library.dynamic";
		};
/* End PBXNativeTarget section */

/* Begin PBXProject section */
		726890BB23E1A7CA00555BAD /* Project object */ = {
			isa = PBXProject;
			attributes = {
				LastUpgradeCheck = 1130;
				ORGANIZATIONNAME = ablemagic;
				TargetAttributes = {
					726890C223E1A7CA00555BAD = {
						CreatedOnToolsVersion = 11.3;
					};
				};
			};
			buildConfigurationList = 726890BE23E1A7CA00555BAD /* Build configuration list for PBXProject "MagicMotion" */;
			compatibilityVersion = "Xcode 9.3";
			developmentRegion = en;
			hasScannedForEncodings = 0;
			knownRegions = (
				en,
				Base,
			);
			mainGroup = 726890BA23E1A7CA00555BAD;
			productRefGroup = 726890C423E1A7CA00555BAD /* Products */;
			projectDirPath = "";
			projectRoot = "";
			targets = (
				726890C223E1A7CA00555BAD /* MagicMotion */,
			);
		};
/* End PBXProject section */

/* Begin PBXSourcesBuildPhase section */
		726890C023E1A7CA00555BAD /* Sources */ = {
			isa = PBXSourcesBuildPhase;
			buildActionMask = 2147483647;
			files = (
				7268913C23E1A89600555BAD /* magic_motion.cpp in Sources */,
			);
			runOnlyForDeploymentPostprocessing = 0;
		};
/* End PBXSourcesBuildPhase section */

/* Begin XCBuildConfiguration section */
		726890C523E1A7CA00555BAD /* Debug */ = {
			isa = XCBuildConfiguration;
			buildSettings = {
				ALWAYS_SEARCH_USER_PATHS = NO;
				CLANG_ANALYZER_NONNULL = YES;
				CLANG_ANALYZER_NUMBER_OBJECT_CONVERSION = YES_AGGRESSIVE;
				CLANG_CXX_LANGUAGE_STANDARD = "gnu++14";
				CLANG_CXX_LIBRARY = "libc++";
				CLANG_ENABLE_MODULES = YES;
				CLANG_ENABLE_OBJC_ARC = YES;
				CLANG_ENABLE_OBJC_WEAK = YES;
				CLANG_WARN_BLOCK_CAPTURE_AUTORELEASING = YES;
				CLANG_WARN_BOOL_CONVERSION = YES;
				CLANG_WARN_COMMA = YES;
				CLANG_WARN_CONSTANT_CONVERSION = YES;
				CLANG_WARN_DEPRECATED_OBJC_IMPLEMENTATIONS = YES;
				CLANG_WARN_DIRECT_OBJC_ISA_USAGE = YES_ERROR;
				CLANG_WARN_DOCUMENTATION_COMMENTS = YES;
				CLANG_WARN_EMPTY_BODY = YES;
				CLANG_WARN_ENUM_CONVERSION = YES;
				CLANG_WARN_INFINITE_RECURSION = YES;
				CLANG_WARN_INT_CONVERSION = YES;
				CLANG_WARN_NON_LITERAL_NULL_CONVERSION = YES;
				CLANG_WARN_OBJC_IMPLICIT_RETAIN_SELF = YES;
				CLANG_WARN_OBJC_LITERAL_CONVERSION = YES;
				CLANG_WARN_OBJC_ROOT_CLASS = YES_ERROR;
				CLANG_WARN_RANGE_LOOP_ANALYSIS = YES;
				CLANG_WARN_STRICT_PROTOTYPES = YES;
				CLANG_WARN_SUSPICIOUS_MOVE = YES;
				CLANG_WARN_UNGUARDED_AVAILABILITY = YES_AGGRESSIVE;
				CLANG_WARN_UNREACHABLE_CODE = YES;
				CLANG_WARN__DUPLICATE_METHOD_MATCH = YES;
				COPY_PHASE_STRIP = NO;
				DEBUG_INFORMATION_FORMAT = dwarf;
				ENABLE_STRICT_OBJC_MSGSEND = YES;
				ENABLE_TESTABILITY = YES;
				GCC_C_LANGUAGE_STANDARD = gnu11;
				GCC_DYNAMIC_NO_PIC = NO;
				GCC_NO_COMMON_BLOCKS = YES;
				GCC_OPTIMIZATION_LEVEL = 0;
				GCC_PREPROCESSOR_DEFINITIONS = (
					"DEBUG=1",
					"$(inherited)",
				);
				GCC_WARN_64_TO_32_BIT_CONVERSION = YES;
				GCC_WARN_ABOUT_RETURN_TYPE = YES_ERROR;
				GCC_WARN_UNDECLARED_SELECTOR = YES;
				GCC_WARN_UNINITIALIZED_AUTOS = YES_AGGRESSIVE;
				GCC_WARN_UNUSED_FUNCTION = YES;
				GCC_WARN_UNUSED_VARIABLE = YES;
				"LIBRARY_SEARCH_PATHS[arch=*]" = "";
				MACOSX_DEPLOYMENT_TARGET = 10.14;
				MTL_ENABLE_DEBUG_INFO = INCLUDE_SOURCE;
				MTL_FAST_MATH = YES;
				ONLY_ACTIVE_ARCH = YES;
				SDKROOT = macosx;
			};
			name = Debug;
		};
		726890C623E1A7CA00555BAD /* Release */ = {
			isa = XCBuildConfiguration;
			buildSettings = {
				ALWAYS_SEARCH_USER_PATHS = NO;
				CLANG_ANALYZER_NONNULL = YES;
				CLANG_ANALYZER_NUMBER_OBJECT_CONVERSION = YES_AGGRESSIVE;
				CLANG_CXX_LANGUAGE_STANDARD = "gnu++14";
				CLANG_CXX_LIBRARY = "libc++";
				CLANG_ENABLE_MODULES = YES;
				CLANG_ENABLE_OBJC_ARC = YES;
				CLANG_ENABLE_OBJC_WEAK = YES;
				CLANG_WARN_BLOCK_CAPTURE_AUTORELEASING = YES;
				CLANG_WARN_BOOL_CONVERSION = YES;
				CLANG_WARN_COMMA = YES;
				CLANG_WARN_CONSTANT_CONVERSION = YES;
				CLANG_WARN_DEPRECATED_OBJC_IMPLEMENTATIONS = YES;
				CLANG_WARN_DIRECT_OBJC_ISA_USAGE = YES_ERROR;
				CLANG_WARN_DOCUMENTATION_COMMENTS = YES;
				CLANG_WARN_EMPTY_BODY = YES;
				CLANG_WARN_ENUM_CONVERSION = YES;
				CLANG_WARN_INFINITE_RECURSION = YES;
				CLANG_WARN_INT_CONVERSION = YES;
				CLANG_WARN_NON_LITERAL_NULL_CONVERSION = YES;
				CLANG_WARN_OBJC_IMPLICIT_RETAIN_SELF = YES;
				CLANG_WARN_OBJC_LITERAL_CONVERSION = YES;
				CLANG_WARN_OBJC_ROOT_CLASS = YES_ERROR;
				CLANG_WARN_RANGE_LOOP_ANALYSIS = YES;
				CLANG_WARN_STRICT_PROTOTYPES = YES;
				CLANG_WARN_SUSPICIOUS_MOVE = YES;
				CLANG_WARN_UNGUARDED_AVAILABILITY = YES_AGGRESSIVE;
				CLANG_WARN_UNREACHABLE_CODE = YES;
				CLANG_WARN__DUPLICATE_METHOD_MATCH = YES;
				COPY_PHASE_STRIP = NO;
				DEBUG_INFORMATION_FORMAT = "dwarf-with-dsym";
				ENABLE_NS_ASSERTIONS = NO;
				ENABLE_STRICT_OBJC_MSGSEND = YES;
				GCC_C_LANGUAGE_STANDARD = gnu11;
				GCC_NO_COMMON_BLOCKS = YES;
				GCC_WARN_64_TO_32_BIT_CONVERSION = YES;
				GCC_WARN_ABOUT_RETURN_TYPE = YES_ERROR;
				GCC_WARN_UNDECLARED_SELECTOR = YES;
				GCC_WARN_UNINITIALIZED_AUTOS = YES_AGGRESSIVE;
				GCC_WARN_UNUSED_FUNCTION = YES;
				GCC_WARN_UNUSED_VARIABLE = YES;
				MACOSX_DEPLOYMENT_TARGET = 10.14;
				MTL_ENABLE_DEBUG_INFO = NO;
				MTL_FAST_MATH = YES;
				SDKROOT = macosx;
			};
			name = Release;
		};
		726890C823E1A7CA00555BAD /* Debug */ = {
			isa = XCBuildConfiguration;
			buildSettings = {
				CODE_SIGN_STYLE = Automatic;
				CURRENT_PROJECT_VERSION = 1;
				DEVELOPMENT_TEAM = 4FEX27VJBD;
				DYLIB_COMPATIBILITY_VERSION = 1;
				DYLIB_CURRENT_VERSION = 1;
				EXECUTABLE_PREFIX = lib;
				"HEADER_SEARCH_PATHS[arch=*]" = (
					/Users/istarnion/Dev/librealsense/include,
					/usr/local/Cellar/opencv/4.2.0_3/include/opencv4/opencv,
					/usr/local/Cellar/opencv/4.2.0_3/include/opencv4,
				);
				INFOPLIST_FILE = "$(SRCROOT)/Info.plist";
				LIBRARY_SEARCH_PATHS = (
					"$(inherited)",
					/usr/local/Cellar/opencv/4.2.0_3/lib,
					"/Users/istarnion/Google\\ Drive/School/MagicMotion",
				);
				"LIBRARY_SEARCH_PATHS[arch=*]" = (
					"/Users/istarnion/Google\\ Drive/School/MagicMotion",
					"/Users/istarnion/Google\\ Drive/School/MagicMotion/OpenNI/Redist",
					/usr/local/Cellar/opencv/4.2.0_3/lib,
				);
				MARKETING_VERSION = 0.1;
				"OTHER_CPLUSPLUSFLAGS[arch=*]" = (
					"$(OTHER_CFLAGS)-DSENSOR_OPENNI",
					"-pthreads",
				);
				OTHER_LDFLAGS = "";
				PRODUCT_BUNDLE_IDENTIFIER = no.ablemagic.magicmotion;
				PRODUCT_NAME = "$(TARGET_NAME)";
				SKIP_INSTALL = YES;
			};
			name = Debug;
		};
		726890C923E1A7CA00555BAD /* Release */ = {
			isa = XCBuildConfiguration;
			buildSettings = {
				CODE_SIGN_STYLE = Automatic;
				CURRENT_PROJECT_VERSION = 1;
				DEVELOPMENT_TEAM = 4FEX27VJBD;
				DYLIB_COMPATIBILITY_VERSION = 1;
				DYLIB_CURRENT_VERSION = 1;
				EXECUTABLE_PREFIX = lib;
				"HEADER_SEARCH_PATHS[arch=*]" = (
					/Users/istarnion/Dev/librealsense/include,
					/usr/local/Cellar/opencv/4.2.0_3/include/opencv4/opencv,
					/usr/local/Cellar/opencv/4.2.0_3/include/opencv4,
				);
				INFOPLIST_FILE = "$(SRCROOT)/Info.plist";
				LIBRARY_SEARCH_PATHS = (
					"$(inherited)",
					/usr/local/Cellar/opencv/4.2.0_3/lib,
					"/Users/istarnion/Google\\ Drive/School/MagicMotion",
				);
				"LIBRARY_SEARCH_PATHS[arch=*]" = (
					"/Users/istarnion/Google\\ Drive/School/MagicMotion/OpenNI/Redist",
					"/Users/istarnion/Google\\ Drive/School/MagicMotion",
					/usr/local/Cellar/opencv/4.2.0_3/lib,
				);
				MARKETING_VERSION = 0.1;
				"OTHER_CPLUSPLUSFLAGS[arch=*]" = (
					"$(OTHER_CFLAGS)-DSENSOR_OPENNI",
					"-pthreads",
				);
				OTHER_LDFLAGS = "";
				PRODUCT_BUNDLE_IDENTIFIER = no.ablemagic.magicmotion;
				PRODUCT_NAME = "$(TARGET_NAME)";
				SKIP_INSTALL = YES;
			};
			name = Release;
		};
/* End XCBuildConfiguration section */

/* Begin XCConfigurationList section */
		726890BE23E1A7CA00555BAD /* Build configuration list for PBXProject "MagicMotion" */ = {
			isa = XCConfigurationList;
			buildConfigurations = (
				726890C523E1A7CA00555BAD /* Debug */,
				726890C623E1A7CA00555BAD /* Release */,
			);
			defaultConfigurationIsVisible = 0;
			defaultConfigurationName = Release;
		};
		726890C723E1A7CA00555BAD /* Build configuration list for PBXNativeTarget "MagicMotion" */ = {
			isa = XCConfigurationList;
			buildConfigurations = (
				726890C823E1A7CA00555BAD /* Debug */,
				726890C923E1A7CA00555BAD /* Release */,
			);
			defaultConfigurationIsVisible = 0;
			defaultConfigurationName = Release;
		};
/* End XCConfigurationList section */
	};
	rootObject = 726890BB23E1A7CA00555BAD /* Project object */;
}
